[root]
name = "diesel_full_text_search"
version = "0.10.0"
dependencies = [
 "diesel 0.10.1 (registry+https://github.com/rust-lang/crates.io-index)",
]

[[package]]
name = "byteorder"
version = "0.3.13"
source = "registry+https://github.com/rust-lang/crates.io-index"

[[package]]
name = "diesel"
version = "0.10.1"
source = "registry+https://github.com/rust-lang/crates.io-index"
dependencies = [
 "byteorder 0.3.13 (registry+https://github.com/rust-lang/crates.io-index)",
 "libc 0.2.20 (registry+https://github.com/rust-lang/crates.io-index)",
 "pq-sys 0.2.7 (registry+https://github.com/rust-lang/crates.io-index)",
]

[[package]]
name = "libc"
version = "0.2.20"
source = "registry+https://github.com/rust-lang/crates.io-index"

[[package]]
name = "pq-sys"
version = "0.2.7"
source = "registry+https://github.com/rust-lang/crates.io-index"
dependencies = [
 "libc 0.2.20 (registry+https://github.com/rust-lang/crates.io-index)",
]

[metadata]
"checksum byteorder 0.3.13 (registry+https://github.com/rust-lang/crates.io-index)" = "29b2aa490a8f546381308d68fc79e6bd753cd3ad839f7a7172897f1feedfa175"
"checksum diesel 0.10.1 (registry+https://github.com/rust-lang/crates.io-index)" = "5bdb238ea4720899a4ddfebfe08ddac87f85e5eab8edf065f86e3b234b957433"
"checksum libc 0.2.20 (registry+https://github.com/rust-lang/crates.io-index)" = "684f330624d8c3784fb9558ca46c4ce488073a8d22450415c5eb4f4cfb0d11b5"
"checksum pq-sys 0.2.7 (registry+https://github.com/rust-lang/crates.io-index)" = "33cd6d75cd3dac41f0adc6dad3eb644ff63a9208c5168835386b4991b88b481d"
