[root]
name = "envy"
version = "0.2.0"
dependencies = [
 "serde 0.9.7 (registry+https://github.com/rust-lang/crates.io-index)",
]

[[package]]
name = "serde"
version = "0.9.7"
source = "registry+https://github.com/rust-lang/crates.io-index"

[metadata]
"checksum serde 0.9.7 (registry+https://github.com/rust-lang/crates.io-index)" = "1e0ed773960f90a78567fcfbe935284adf50c5d7cf119aa2cf43bb0b4afa69bb"
