[root]
name = "font"
version = "0.3.2"
dependencies = [
 "opentype 0.17.1 (registry+https://github.com/rust-lang/crates.io-index)",
 "postscript 0.11.1 (registry+https://github.com/rust-lang/crates.io-index)",
 "svg 0.5.5 (registry+https://github.com/rust-lang/crates.io-index)",
 "truetype 0.22.0 (registry+https://github.com/rust-lang/crates.io-index)",
]

[[package]]
name = "opentype"
version = "0.17.1"
source = "registry+https://github.com/rust-lang/crates.io-index"
dependencies = [
 "postscript 0.11.1 (registry+https://github.com/rust-lang/crates.io-index)",
 "truetype 0.22.0 (registry+https://github.com/rust-lang/crates.io-index)",
]

[[package]]
name = "postscript"
version = "0.11.1"
source = "registry+https://github.com/rust-lang/crates.io-index"

[[package]]
name = "svg"
version = "0.5.5"
source = "registry+https://github.com/rust-lang/crates.io-index"

[[package]]
name = "truetype"
version = "0.22.0"
source = "registry+https://github.com/rust-lang/crates.io-index"

[metadata]
"checksum opentype 0.17.1 (registry+https://github.com/rust-lang/crates.io-index)" = "ddd9da45d75d6f7bc399a75bf86382a90e3832f95b50eceb30307ac72e9a7ece"
"checksum postscript 0.11.1 (registry+https://github.com/rust-lang/crates.io-index)" = "c3c9ba7f8065a92300c604be066f1a9f694a63281ac602c43c0cbabafd625233"
"checksum svg 0.5.5 (registry+https://github.com/rust-lang/crates.io-index)" = "4308c7f639ecd0062b4020323ca3fdce156190132211c337b82c7389f7a110c6"
"checksum truetype 0.22.0 (registry+https://github.com/rust-lang/crates.io-index)" = "5976b63974e13bddbcc3e12e146980a4d311946d5dbc4d19edb65b36453b2995"
