[root]
name = "free"
version = "0.0.1"
dependencies = [
 "free_macros 0.0.1 (registry+https://github.com/rust-lang/crates.io-index)",
]

[[package]]
name = "free_macros"
version = "0.0.1"
source = "registry+https://github.com/rust-lang/crates.io-index"

[metadata]
"checksum free_macros 0.0.1 (registry+https://github.com/rust-lang/crates.io-index)" = "19639110f5d145469a66b3b8cb6414abd41d137b6265f4c434f4275e60847080"
