[root]
name = "graph-io-gml"
version = "0.1.1"
dependencies = [
 "asexp 0.3.1 (registry+https://github.com/rust-lang/crates.io-index)",
 "petgraph 0.2.9 (registry+https://github.com/rust-lang/crates.io-index)",
]

[[package]]
name = "asexp"
version = "0.3.1"
source = "registry+https://github.com/rust-lang/crates.io-index"

[[package]]
name = "fixedbitset"
version = "0.1.5"
source = "registry+https://github.com/rust-lang/crates.io-index"

[[package]]
name = "petgraph"
version = "0.2.9"
source = "registry+https://github.com/rust-lang/crates.io-index"
dependencies = [
 "fixedbitset 0.1.5 (registry+https://github.com/rust-lang/crates.io-index)",
]

[metadata]
"checksum asexp 0.3.1 (registry+https://github.com/rust-lang/crates.io-index)" = "7732afa1e74fd81158a4614ee47a6b5d61cf3919296367c2dc3657d78a0c831b"
"checksum fixedbitset 0.1.5 (registry+https://github.com/rust-lang/crates.io-index)" = "88c3c33fc4c00db33f5174eb98aea809c4c007db0b71351d810a7e094ea3b64d"
"checksum petgraph 0.2.9 (registry+https://github.com/rust-lang/crates.io-index)" = "1a6f465be0adaa474e5692d4cb24732382476bb75fa84798b9f8fd820e1ad6e6"
