[root]
name = "gurobi"
version = "0.3.2"
dependencies = [
 "gurobi-sys 0.3.0 (registry+https://github.com/rust-lang/crates.io-index)",
 "itertools 0.4.19 (registry+https://github.com/rust-lang/crates.io-index)",
]

[[package]]
name = "gurobi-sys"
version = "0.3.0"
source = "registry+https://github.com/rust-lang/crates.io-index"

[[package]]
name = "itertools"
version = "0.4.19"
source = "registry+https://github.com/rust-lang/crates.io-index"

[metadata]
"checksum gurobi-sys 0.3.0 (registry+https://github.com/rust-lang/crates.io-index)" = "27abdfeb504168901df67a7ab5f217501ada52d78a882d74be8920b6eeeabbc9"
"checksum itertools 0.4.19 (registry+https://github.com/rust-lang/crates.io-index)" = "c4a9b56eb56058f43dc66e58f40a214b2ccbc9f3df51861b63d51dec7b65bc3f"
