[root]
name = "ordered_iter"
version = "0.1.0"
dependencies = [
 "bit-set 0.2.0 (registry+https://github.com/rust-lang/crates.io-index)",
 "bit-vec 0.4.3 (registry+https://github.com/rust-lang/crates.io-index)",
 "vec_map 0.3.0 (registry+https://github.com/rust-lang/crates.io-index)",
]

[[package]]
name = "bit-set"
version = "0.2.0"
source = "registry+https://github.com/rust-lang/crates.io-index"
dependencies = [
 "bit-vec 0.4.3 (registry+https://github.com/rust-lang/crates.io-index)",
]

[[package]]
name = "bit-vec"
version = "0.4.3"
source = "registry+https://github.com/rust-lang/crates.io-index"

[[package]]
name = "vec_map"
version = "0.3.0"
source = "registry+https://github.com/rust-lang/crates.io-index"

[metadata]
"checksum bit-set 0.2.0 (registry+https://github.com/rust-lang/crates.io-index)" = "e6e1e6fb1c9e3d6fcdec57216a74eaa03e41f52a22f13a16438251d8e88b89da"
"checksum bit-vec 0.4.3 (registry+https://github.com/rust-lang/crates.io-index)" = "5b97c2c8e8bbb4251754f559df8af22fb264853c7d009084a576cdf12565089d"
"checksum vec_map 0.3.0 (registry+https://github.com/rust-lang/crates.io-index)" = "abf0c8f70bc6bfd86be8a924eeb8574ff98a6a6c0878eca751d361cafd327e85"
