[root]
name = "add6_64"
version = "0.2.0"
dependencies = [
 "add3 3.1.0 (registry+https://github.com/rust-lang/crates.io-index)",
]

[[package]]
name = "add3"
version = "3.1.0"
source = "registry+https://github.com/rust-lang/crates.io-index"

[metadata]
"checksum add3 3.1.0 (registry+https://github.com/rust-lang/crates.io-index)" = "b1e7d921da7001af9e0f70c2a4c5408d771742077b526823f6a10d42c9b2d2f6"
