[root]
name = "bip_dht"
version = "0.5.1"
dependencies = [
 "bip_bencode 0.1.3 (registry+https://github.com/rust-lang/crates.io-index)",
 "bip_handshake 0.4.0 (registry+https://github.com/rust-lang/crates.io-index)",
 "bip_util 0.3.5 (registry+https://github.com/rust-lang/crates.io-index)",
 "chrono 0.2.25 (registry+https://github.com/rust-lang/crates.io-index)",
 "crc 1.4.0 (registry+https://github.com/rust-lang/crates.io-index)",
 "log 0.3.6 (registry+https://github.com/rust-lang/crates.io-index)",
 "mio 0.5.1 (registry+https://github.com/rust-lang/crates.io-index)",
 "rand 0.3.15 (registry+https://github.com/rust-lang/crates.io-index)",
]

[[package]]
name = "bip_bencode"
version = "0.1.3"
source = "registry+https://github.com/rust-lang/crates.io-index"

[[package]]
name = "bip_handshake"
version = "0.4.0"
source = "registry+https://github.com/rust-lang/crates.io-index"
dependencies = [
 "bip_util 0.3.5 (registry+https://github.com/rust-lang/crates.io-index)",
 "log 0.3.6 (registry+https://github.com/rust-lang/crates.io-index)",
 "mio 0.5.1 (registry+https://github.com/rust-lang/crates.io-index)",
 "nom 1.2.4 (registry+https://github.com/rust-lang/crates.io-index)",
 "slab 0.2.0 (registry+https://github.com/rust-lang/crates.io-index)",
]

[[package]]
name = "bip_util"
version = "0.3.5"
source = "registry+https://github.com/rust-lang/crates.io-index"
dependencies = [
 "chrono 0.2.25 (registry+https://github.com/rust-lang/crates.io-index)",
 "num 0.1.36 (registry+https://github.com/rust-lang/crates.io-index)",
 "rand 0.3.15 (registry+https://github.com/rust-lang/crates.io-index)",
 "rust-crypto 0.2.36 (registry+https://github.com/rust-lang/crates.io-index)",
]

[[package]]
name = "bitflags"
version = "0.4.0"
source = "registry+https://github.com/rust-lang/crates.io-index"

[[package]]
name = "bytes"
version = "0.3.0"
source = "registry+https://github.com/rust-lang/crates.io-index"

[[package]]
name = "cfg-if"
version = "0.1.0"
source = "registry+https://github.com/rust-lang/crates.io-index"

[[package]]
name = "chrono"
version = "0.2.25"
source = "registry+https://github.com/rust-lang/crates.io-index"
dependencies = [
 "num 0.1.36 (registry+https://github.com/rust-lang/crates.io-index)",
 "time 0.1.36 (registry+https://github.com/rust-lang/crates.io-index)",
]

[[package]]
name = "crc"
version = "1.4.0"
source = "registry+https://github.com/rust-lang/crates.io-index"
dependencies = [
 "lazy_static 0.2.2 (registry+https://github.com/rust-lang/crates.io-index)",
]

[[package]]
name = "gcc"
version = "0.3.43"
source = "registry+https://github.com/rust-lang/crates.io-index"

[[package]]
name = "kernel32-sys"
version = "0.2.2"
source = "registry+https://github.com/rust-lang/crates.io-index"
dependencies = [
 "winapi 0.2.8 (registry+https://github.com/rust-lang/crates.io-index)",
 "winapi-build 0.1.1 (registry+https://github.com/rust-lang/crates.io-index)",
]

[[package]]
name = "lazy_static"
version = "0.2.2"
source = "registry+https://github.com/rust-lang/crates.io-index"

[[package]]
name = "libc"
version = "0.2.20"
source = "registry+https://github.com/rust-lang/crates.io-index"

[[package]]
name = "log"
version = "0.3.6"
source = "registry+https://github.com/rust-lang/crates.io-index"

[[package]]
name = "mio"
version = "0.5.1"
source = "registry+https://github.com/rust-lang/crates.io-index"
dependencies = [
 "bytes 0.3.0 (registry+https://github.com/rust-lang/crates.io-index)",
 "libc 0.2.20 (registry+https://github.com/rust-lang/crates.io-index)",
 "log 0.3.6 (registry+https://github.com/rust-lang/crates.io-index)",
 "miow 0.1.5 (registry+https://github.com/rust-lang/crates.io-index)",
 "net2 0.2.26 (registry+https://github.com/rust-lang/crates.io-index)",
 "nix 0.5.1 (registry+https://github.com/rust-lang/crates.io-index)",
 "slab 0.1.3 (registry+https://github.com/rust-lang/crates.io-index)",
 "time 0.1.36 (registry+https://github.com/rust-lang/crates.io-index)",
 "winapi 0.2.8 (registry+https://github.com/rust-lang/crates.io-index)",
]

[[package]]
name = "miow"
version = "0.1.5"
source = "registry+https://github.com/rust-lang/crates.io-index"
dependencies = [
 "kernel32-sys 0.2.2 (registry+https://github.com/rust-lang/crates.io-index)",
 "net2 0.2.26 (registry+https://github.com/rust-lang/crates.io-index)",
 "winapi 0.2.8 (registry+https://github.com/rust-lang/crates.io-index)",
 "ws2_32-sys 0.2.1 (registry+https://github.com/rust-lang/crates.io-index)",
]

[[package]]
name = "net2"
version = "0.2.26"
source = "registry+https://github.com/rust-lang/crates.io-index"
dependencies = [
 "cfg-if 0.1.0 (registry+https://github.com/rust-lang/crates.io-index)",
 "kernel32-sys 0.2.2 (registry+https://github.com/rust-lang/crates.io-index)",
 "libc 0.2.20 (registry+https://github.com/rust-lang/crates.io-index)",
 "winapi 0.2.8 (registry+https://github.com/rust-lang/crates.io-index)",
 "ws2_32-sys 0.2.1 (registry+https://github.com/rust-lang/crates.io-index)",
]

[[package]]
name = "nix"
version = "0.5.1"
source = "registry+https://github.com/rust-lang/crates.io-index"
dependencies = [
 "bitflags 0.4.0 (registry+https://github.com/rust-lang/crates.io-index)",
 "libc 0.2.20 (registry+https://github.com/rust-lang/crates.io-index)",
]

[[package]]
name = "nom"
version = "1.2.4"
source = "registry+https://github.com/rust-lang/crates.io-index"

[[package]]
name = "num"
version = "0.1.36"
source = "registry+https://github.com/rust-lang/crates.io-index"
dependencies = [
 "num-bigint 0.1.35 (registry+https://github.com/rust-lang/crates.io-index)",
 "num-complex 0.1.35 (registry+https://github.com/rust-lang/crates.io-index)",
 "num-integer 0.1.32 (registry+https://github.com/rust-lang/crates.io-index)",
 "num-iter 0.1.32 (registry+https://github.com/rust-lang/crates.io-index)",
 "num-rational 0.1.35 (registry+https://github.com/rust-lang/crates.io-index)",
 "num-traits 0.1.36 (registry+https://github.com/rust-lang/crates.io-index)",
]

[[package]]
name = "num-bigint"
version = "0.1.35"
source = "registry+https://github.com/rust-lang/crates.io-index"
dependencies = [
 "num-integer 0.1.32 (registry+https://github.com/rust-lang/crates.io-index)",
 "num-traits 0.1.36 (registry+https://github.com/rust-lang/crates.io-index)",
 "rand 0.3.15 (registry+https://github.com/rust-lang/crates.io-index)",
 "rustc-serialize 0.3.22 (registry+https://github.com/rust-lang/crates.io-index)",
]

[[package]]
name = "num-complex"
version = "0.1.35"
source = "registry+https://github.com/rust-lang/crates.io-index"
dependencies = [
 "num-traits 0.1.36 (registry+https://github.com/rust-lang/crates.io-index)",
 "rustc-serialize 0.3.22 (registry+https://github.com/rust-lang/crates.io-index)",
]

[[package]]
name = "num-integer"
version = "0.1.32"
source = "registry+https://github.com/rust-lang/crates.io-index"
dependencies = [
 "num-traits 0.1.36 (registry+https://github.com/rust-lang/crates.io-index)",
]

[[package]]
name = "num-iter"
version = "0.1.32"
source = "registry+https://github.com/rust-lang/crates.io-index"
dependencies = [
 "num-integer 0.1.32 (registry+https://github.com/rust-lang/crates.io-index)",
 "num-traits 0.1.36 (registry+https://github.com/rust-lang/crates.io-index)",
]

[[package]]
name = "num-rational"
version = "0.1.35"
source = "registry+https://github.com/rust-lang/crates.io-index"
dependencies = [
 "num-bigint 0.1.35 (registry+https://github.com/rust-lang/crates.io-index)",
 "num-integer 0.1.32 (registry+https://github.com/rust-lang/crates.io-index)",
 "num-traits 0.1.36 (registry+https://github.com/rust-lang/crates.io-index)",
 "rustc-serialize 0.3.22 (registry+https://github.com/rust-lang/crates.io-index)",
]

[[package]]
name = "num-traits"
version = "0.1.36"
source = "registry+https://github.com/rust-lang/crates.io-index"

[[package]]
name = "rand"
version = "0.3.15"
source = "registry+https://github.com/rust-lang/crates.io-index"
dependencies = [
 "libc 0.2.20 (registry+https://github.com/rust-lang/crates.io-index)",
]

[[package]]
name = "redox_syscall"
version = "0.1.16"
source = "registry+https://github.com/rust-lang/crates.io-index"

[[package]]
name = "rust-crypto"
version = "0.2.36"
source = "registry+https://github.com/rust-lang/crates.io-index"
dependencies = [
 "gcc 0.3.43 (registry+https://github.com/rust-lang/crates.io-index)",
 "libc 0.2.20 (registry+https://github.com/rust-lang/crates.io-index)",
 "rand 0.3.15 (registry+https://github.com/rust-lang/crates.io-index)",
 "rustc-serialize 0.3.22 (registry+https://github.com/rust-lang/crates.io-index)",
 "time 0.1.36 (registry+https://github.com/rust-lang/crates.io-index)",
]

[[package]]
name = "rustc-serialize"
version = "0.3.22"
source = "registry+https://github.com/rust-lang/crates.io-index"

[[package]]
name = "slab"
version = "0.1.3"
source = "registry+https://github.com/rust-lang/crates.io-index"

[[package]]
name = "slab"
version = "0.2.0"
source = "registry+https://github.com/rust-lang/crates.io-index"

[[package]]
name = "time"
version = "0.1.36"
source = "registry+https://github.com/rust-lang/crates.io-index"
dependencies = [
 "kernel32-sys 0.2.2 (registry+https://github.com/rust-lang/crates.io-index)",
 "libc 0.2.20 (registry+https://github.com/rust-lang/crates.io-index)",
 "redox_syscall 0.1.16 (registry+https://github.com/rust-lang/crates.io-index)",
 "winapi 0.2.8 (registry+https://github.com/rust-lang/crates.io-index)",
]

[[package]]
name = "winapi"
version = "0.2.8"
source = "registry+https://github.com/rust-lang/crates.io-index"

[[package]]
name = "winapi-build"
version = "0.1.1"
source = "registry+https://github.com/rust-lang/crates.io-index"

[[package]]
name = "ws2_32-sys"
version = "0.2.1"
source = "registry+https://github.com/rust-lang/crates.io-index"
dependencies = [
 "winapi 0.2.8 (registry+https://github.com/rust-lang/crates.io-index)",
 "winapi-build 0.1.1 (registry+https://github.com/rust-lang/crates.io-index)",
]

[metadata]
"checksum bip_bencode 0.1.3 (registry+https://github.com/rust-lang/crates.io-index)" = "81a1f2c63cbf265fa0a40fd493898f60c0633cd8d819e42fc6748d1080f0e108"
"checksum bip_handshake 0.4.0 (registry+https://github.com/rust-lang/crates.io-index)" = "0437bc8035f4bd1768957fc3d305a3fd913e3a1e935dbfb5d51e5aede9182a58"
"checksum bip_util 0.3.5 (registry+https://github.com/rust-lang/crates.io-index)" = "9f41415039fc0995de60392d35dbd0549489a02b8cd23c9921e2ab393a6c322d"
"checksum bitflags 0.4.0 (registry+https://github.com/rust-lang/crates.io-index)" = "8dead7461c1127cf637931a1e50934eb6eee8bff2f74433ac7909e9afcee04a3"
"checksum bytes 0.3.0 (registry+https://github.com/rust-lang/crates.io-index)" = "c129aff112dcc562970abb69e2508b40850dd24c274761bb50fb8a0067ba6c27"
"checksum cfg-if 0.1.0 (registry+https://github.com/rust-lang/crates.io-index)" = "de1e760d7b6535af4241fca8bd8adf68e2e7edacc6b29f5d399050c5e48cf88c"
"checksum chrono 0.2.25 (registry+https://github.com/rust-lang/crates.io-index)" = "9213f7cd7c27e95c2b57c49f0e69b1ea65b27138da84a170133fd21b07659c00"
"checksum crc 1.4.0 (registry+https://github.com/rust-lang/crates.io-index)" = "bc1914fae6f18ae347320f0ba5e4fc270e17c037ea621fe41ec7e8adf67d11b0"
"checksum gcc 0.3.43 (registry+https://github.com/rust-lang/crates.io-index)" = "c07c758b972368e703a562686adb39125707cc1ef3399da8c019fc6c2498a75d"
"checksum kernel32-sys 0.2.2 (registry+https://github.com/rust-lang/crates.io-index)" = "7507624b29483431c0ba2d82aece8ca6cdba9382bff4ddd0f7490560c056098d"
"checksum lazy_static 0.2.2 (registry+https://github.com/rust-lang/crates.io-index)" = "6abe0ee2e758cd6bc8a2cd56726359007748fbf4128da998b65d0b70f881e19b"
"checksum libc 0.2.20 (registry+https://github.com/rust-lang/crates.io-index)" = "684f330624d8c3784fb9558ca46c4ce488073a8d22450415c5eb4f4cfb0d11b5"
"checksum log 0.3.6 (registry+https://github.com/rust-lang/crates.io-index)" = "ab83497bf8bf4ed2a74259c1c802351fcd67a65baa86394b6ba73c36f4838054"
"checksum mio 0.5.1 (registry+https://github.com/rust-lang/crates.io-index)" = "a637d1ca14eacae06296a008fa7ad955347e34efcb5891cfd8ba05491a37907e"
"checksum miow 0.1.5 (registry+https://github.com/rust-lang/crates.io-index)" = "3e690c5df6b2f60acd45d56378981e827ff8295562fc8d34f573deb267a59cd1"
"checksum net2 0.2.26 (registry+https://github.com/rust-lang/crates.io-index)" = "5edf9cb6be97212423aed9413dd4729d62b370b5e1c571750e882cebbbc1e3e2"
"checksum nix 0.5.1 (registry+https://github.com/rust-lang/crates.io-index)" = "bfb3ddedaa14746434a02041940495bf11325c22f6d36125d3bdd56090d50a79"
"checksum nom 1.2.4 (registry+https://github.com/rust-lang/crates.io-index)" = "a5b8c256fd9471521bcb84c3cdba98921497f1a331cbc15b8030fc63b82050ce"
"checksum num 0.1.36 (registry+https://github.com/rust-lang/crates.io-index)" = "bde7c03b09e7c6a301ee81f6ddf66d7a28ec305699e3d3b056d2fc56470e3120"
"checksum num-bigint 0.1.35 (registry+https://github.com/rust-lang/crates.io-index)" = "88b14378471f7c2adc5262f05b4701ef53e8da376453a8d8fee48e51db745e49"
"checksum num-complex 0.1.35 (registry+https://github.com/rust-lang/crates.io-index)" = "f0c78e054dd19c3fd03419ade63fa661e9c49bb890ce3beb4eee5b7baf93f92f"
"checksum num-integer 0.1.32 (registry+https://github.com/rust-lang/crates.io-index)" = "fb24d9bfb3f222010df27995441ded1e954f8f69cd35021f6bef02ca9552fb92"
"checksum num-iter 0.1.32 (registry+https://github.com/rust-lang/crates.io-index)" = "287a1c9969a847055e1122ec0ea7a5c5d6f72aad97934e131c83d5c08ab4e45c"
"checksum num-rational 0.1.35 (registry+https://github.com/rust-lang/crates.io-index)" = "54ff603b8334a72fbb27fe66948aac0abaaa40231b3cecd189e76162f6f38aaf"
"checksum num-traits 0.1.36 (registry+https://github.com/rust-lang/crates.io-index)" = "a16a42856a256b39c6d3484f097f6713e14feacd9bfb02290917904fae46c81c"
"checksum rand 0.3.15 (registry+https://github.com/rust-lang/crates.io-index)" = "022e0636ec2519ddae48154b028864bdce4eaf7d35226ab8e65c611be97b189d"
"checksum redox_syscall 0.1.16 (registry+https://github.com/rust-lang/crates.io-index)" = "8dd35cc9a8bdec562c757e3d43c1526b5c6d2653e23e2315065bc25556550753"
"checksum rust-crypto 0.2.36 (registry+https://github.com/rust-lang/crates.io-index)" = "f76d05d3993fd5f4af9434e8e436db163a12a9d40e1a58a726f27a01dfd12a2a"
"checksum rustc-serialize 0.3.22 (registry+https://github.com/rust-lang/crates.io-index)" = "237546c689f20bb44980270c73c3b9edd0891c1be49cc1274406134a66d3957b"
"checksum slab 0.1.3 (registry+https://github.com/rust-lang/crates.io-index)" = "d807fd58c4181bbabed77cb3b891ba9748241a552bcc5be698faaebefc54f46e"
"checksum slab 0.2.0 (registry+https://github.com/rust-lang/crates.io-index)" = "6dbdd334bd28d328dad1c41b0ea662517883d8880d8533895ef96c8003dec9c4"
"checksum time 0.1.36 (registry+https://github.com/rust-lang/crates.io-index)" = "211b63c112206356ef1ff9b19355f43740fc3f85960c598a93d3a3d3ba7beade"
"checksum winapi 0.2.8 (registry+https://github.com/rust-lang/crates.io-index)" = "167dc9d6949a9b857f3451275e911c3f44255842c1f7a76f33c55103a909087a"
"checksum winapi-build 0.1.1 (registry+https://github.com/rust-lang/crates.io-index)" = "2d315eee3b34aca4797b2da6b13ed88266e6d612562a0c46390af8299fc699bc"
"checksum ws2_32-sys 0.2.1 (registry+https://github.com/rust-lang/crates.io-index)" = "d59cefebd0c892fa2dd6de581e937301d8552cb44489cdff035c6187cb63fa5e"
