[root]
name = "cargo-doc-coverage"
version = "1.0.0"
dependencies = [
 "matches 0.1.4 (registry+https://github.com/rust-lang/crates.io-index)",
 "rustc-serialize 0.3.22 (registry+https://github.com/rust-lang/crates.io-index)",
]

[[package]]
name = "matches"
version = "0.1.4"
source = "registry+https://github.com/rust-lang/crates.io-index"

[[package]]
name = "rustc-serialize"
version = "0.3.22"
source = "registry+https://github.com/rust-lang/crates.io-index"

[metadata]
"checksum matches 0.1.4 (registry+https://github.com/rust-lang/crates.io-index)" = "efd7622e3022e1a6eaa602c4cea8912254e5582c9c692e9167714182244801b1"
"checksum rustc-serialize 0.3.22 (registry+https://github.com/rust-lang/crates.io-index)" = "237546c689f20bb44980270c73c3b9edd0891c1be49cc1274406134a66d3957b"
