[root]
name = "irc-channel"
version = "0.1.1"
dependencies = [
 "irc_message 1.0.0 (registry+https://github.com/rust-lang/crates.io-index)",
 "many2many 0.0.2 (registry+https://github.com/rust-lang/crates.io-index)",
]

[[package]]
name = "irc_message"
version = "1.0.0"
source = "registry+https://github.com/rust-lang/crates.io-index"

[[package]]
name = "many2many"
version = "0.0.2"
source = "registry+https://github.com/rust-lang/crates.io-index"

[metadata]
"checksum irc_message 1.0.0 (registry+https://github.com/rust-lang/crates.io-index)" = "ecff9a61289856be1096eda847f89c8785c96617c281f0665c1f4e30d89a4700"
"checksum many2many 0.0.2 (registry+https://github.com/rust-lang/crates.io-index)" = "edf7bbbfe0f3102ec7f7fc33f30651f64ad03f522da78ac5202727a69dfed3a2"
