[root]
name = "launchpad"
version = "0.1.1"
dependencies = [
 "portmidi 0.2.4 (registry+https://github.com/rust-lang/crates.io-index)",
]

[[package]]
name = "portmidi"
version = "0.2.4"
source = "registry+https://github.com/rust-lang/crates.io-index"

[metadata]
"checksum portmidi 0.2.4 (registry+https://github.com/rust-lang/crates.io-index)" = "8e72656dc8167fc128af6ea91224ab4cb9a584cb1ecdcf955a31dbcf3f888747"
