[root]
name = "lyon_svg"
version = "0.2.0"
dependencies = [
 "lyon_core 0.2.0 (registry+https://github.com/rust-lang/crates.io-index)",
 "lyon_extra 0.2.1 (registry+https://github.com/rust-lang/crates.io-index)",
 "lyon_tessellation 0.2.0 (registry+https://github.com/rust-lang/crates.io-index)",
]

[[package]]
name = "euclid"
version = "0.8.2"
source = "registry+https://github.com/rust-lang/crates.io-index"
dependencies = [
 "heapsize 0.3.8 (registry+https://github.com/rust-lang/crates.io-index)",
 "log 0.3.6 (registry+https://github.com/rust-lang/crates.io-index)",
 "num-traits 0.1.36 (registry+https://github.com/rust-lang/crates.io-index)",
 "rustc-serialize 0.3.22 (registry+https://github.com/rust-lang/crates.io-index)",
 "serde 0.7.15 (registry+https://github.com/rust-lang/crates.io-index)",
]

[[package]]
name = "heapsize"
version = "0.3.8"
source = "registry+https://github.com/rust-lang/crates.io-index"
dependencies = [
 "kernel32-sys 0.2.2 (registry+https://github.com/rust-lang/crates.io-index)",
]

[[package]]
name = "kernel32-sys"
version = "0.2.2"
source = "registry+https://github.com/rust-lang/crates.io-index"
dependencies = [
 "winapi 0.2.8 (registry+https://github.com/rust-lang/crates.io-index)",
 "winapi-build 0.1.1 (registry+https://github.com/rust-lang/crates.io-index)",
]

[[package]]
name = "log"
version = "0.3.6"
source = "registry+https://github.com/rust-lang/crates.io-index"

[[package]]
name = "lyon_bezier"
version = "0.2.0"
source = "registry+https://github.com/rust-lang/crates.io-index"
dependencies = [
 "euclid 0.8.2 (registry+https://github.com/rust-lang/crates.io-index)",
]

[[package]]
name = "lyon_core"
version = "0.2.0"
source = "registry+https://github.com/rust-lang/crates.io-index"
dependencies = [
 "euclid 0.8.2 (registry+https://github.com/rust-lang/crates.io-index)",
]

[[package]]
name = "lyon_extra"
version = "0.2.1"
source = "registry+https://github.com/rust-lang/crates.io-index"
dependencies = [
 "lyon_core 0.2.0 (registry+https://github.com/rust-lang/crates.io-index)",
 "lyon_path 0.2.0 (registry+https://github.com/rust-lang/crates.io-index)",
 "lyon_path_builder 0.2.0 (registry+https://github.com/rust-lang/crates.io-index)",
 "lyon_path_iterator 0.2.0 (registry+https://github.com/rust-lang/crates.io-index)",
]

[[package]]
name = "lyon_path"
version = "0.2.0"
source = "registry+https://github.com/rust-lang/crates.io-index"
dependencies = [
 "lyon_bezier 0.2.0 (registry+https://github.com/rust-lang/crates.io-index)",
 "lyon_core 0.2.0 (registry+https://github.com/rust-lang/crates.io-index)",
 "lyon_path_builder 0.2.0 (registry+https://github.com/rust-lang/crates.io-index)",
 "lyon_path_iterator 0.2.0 (registry+https://github.com/rust-lang/crates.io-index)",
]

[[package]]
name = "lyon_path_builder"
version = "0.2.0"
source = "registry+https://github.com/rust-lang/crates.io-index"
dependencies = [
 "lyon_bezier 0.2.0 (registry+https://github.com/rust-lang/crates.io-index)",
 "lyon_core 0.2.0 (registry+https://github.com/rust-lang/crates.io-index)",
]

[[package]]
name = "lyon_path_iterator"
version = "0.2.0"
source = "registry+https://github.com/rust-lang/crates.io-index"
dependencies = [
 "lyon_bezier 0.2.0 (registry+https://github.com/rust-lang/crates.io-index)",
 "lyon_core 0.2.0 (registry+https://github.com/rust-lang/crates.io-index)",
]

[[package]]
name = "lyon_tessellation"
version = "0.2.0"
source = "registry+https://github.com/rust-lang/crates.io-index"
dependencies = [
 "lyon_core 0.2.0 (registry+https://github.com/rust-lang/crates.io-index)",
 "lyon_extra 0.2.1 (registry+https://github.com/rust-lang/crates.io-index)",
 "lyon_path 0.2.0 (registry+https://github.com/rust-lang/crates.io-index)",
 "lyon_path_builder 0.2.0 (registry+https://github.com/rust-lang/crates.io-index)",
 "lyon_path_iterator 0.2.0 (registry+https://github.com/rust-lang/crates.io-index)",
]

[[package]]
name = "num-traits"
version = "0.1.36"
source = "registry+https://github.com/rust-lang/crates.io-index"

[[package]]
name = "rustc-serialize"
version = "0.3.22"
source = "registry+https://github.com/rust-lang/crates.io-index"

[[package]]
name = "serde"
version = "0.7.15"
source = "registry+https://github.com/rust-lang/crates.io-index"

[[package]]
name = "winapi"
version = "0.2.8"
source = "registry+https://github.com/rust-lang/crates.io-index"

[[package]]
name = "winapi-build"
version = "0.1.1"
source = "registry+https://github.com/rust-lang/crates.io-index"

[metadata]
"checksum euclid 0.8.2 (registry+https://github.com/rust-lang/crates.io-index)" = "a2ef90892b4acae62b84bf2a0664d039c829208ec1f8cb1b502d97fcdd4899c1"
"checksum heapsize 0.3.8 (registry+https://github.com/rust-lang/crates.io-index)" = "5a376f7402b85be6e0ba504243ecbc0709c48019ecc6286d0540c2e359050c88"
"checksum kernel32-sys 0.2.2 (registry+https://github.com/rust-lang/crates.io-index)" = "7507624b29483431c0ba2d82aece8ca6cdba9382bff4ddd0f7490560c056098d"
"checksum log 0.3.6 (registry+https://github.com/rust-lang/crates.io-index)" = "ab83497bf8bf4ed2a74259c1c802351fcd67a65baa86394b6ba73c36f4838054"
"checksum lyon_bezier 0.2.0 (registry+https://github.com/rust-lang/crates.io-index)" = "eaec42da113ccae03bc418e12a0b59959a16e298e3e77f5e0d1020f60cdbc109"
"checksum lyon_core 0.2.0 (registry+https://github.com/rust-lang/crates.io-index)" = "63e619186bad4f40a3d3c912f00751f4853dec52a5f628a6b782b062a6bd860f"
"checksum lyon_extra 0.2.1 (registry+https://github.com/rust-lang/crates.io-index)" = "64451598496c1b24687b28a889406f308780696a43ed36be4ce8fff91de613f2"
"checksum lyon_path 0.2.0 (registry+https://github.com/rust-lang/crates.io-index)" = "ed917943f57bae74c5babf7a811355f06f93634c6457838912f79419486a68f9"
"checksum lyon_path_builder 0.2.0 (registry+https://github.com/rust-lang/crates.io-index)" = "b8cd23bcd6a323671dccf5dabf6c6f3c782ef6b3cf3c11033ff91a1989412bc0"
"checksum lyon_path_iterator 0.2.0 (registry+https://github.com/rust-lang/crates.io-index)" = "db31e5c5791fa6f8cfc407a06e3875b3839f2c9717e28faa5e52c0e54af92077"
"checksum lyon_tessellation 0.2.0 (registry+https://github.com/rust-lang/crates.io-index)" = "e5dc892f938614a87fe8992ad26b6d36f59bd9a57cf5aadd709f92c27f6092cd"
"checksum num-traits 0.1.36 (registry+https://github.com/rust-lang/crates.io-index)" = "a16a42856a256b39c6d3484f097f6713e14feacd9bfb02290917904fae46c81c"
"checksum rustc-serialize 0.3.22 (registry+https://github.com/rust-lang/crates.io-index)" = "237546c689f20bb44980270c73c3b9edd0891c1be49cc1274406134a66d3957b"
"checksum serde 0.7.15 (registry+https://github.com/rust-lang/crates.io-index)" = "1b0e0732aa8ec4267f61815a396a942ba3525062e3bd5520aa8419927cfc0a92"
"checksum winapi 0.2.8 (registry+https://github.com/rust-lang/crates.io-index)" = "167dc9d6949a9b857f3451275e911c3f44255842c1f7a76f33c55103a909087a"
"checksum winapi-build 0.1.1 (registry+https://github.com/rust-lang/crates.io-index)" = "2d315eee3b34aca4797b2da6b13ed88266e6d612562a0c46390af8299fc699bc"
