[root]
name = "mm_video"
version = "0.1.5"
dependencies = [
 "bitflags 0.8.0 (registry+https://github.com/rust-lang/crates.io-index)",
 "gdi32-sys 0.2.0 (registry+https://github.com/rust-lang/crates.io-index)",
 "kernel32-sys 0.2.2 (registry+https://github.com/rust-lang/crates.io-index)",
 "libc 0.2.20 (registry+https://github.com/rust-lang/crates.io-index)",
 "log 0.3.6 (registry+https://github.com/rust-lang/crates.io-index)",
 "mm_image 0.1.0 (registry+https://github.com/rust-lang/crates.io-index)",
 "mm_math 0.0.6 (registry+https://github.com/rust-lang/crates.io-index)",
 "opengl32-sys 0.1.0 (registry+https://github.com/rust-lang/crates.io-index)",
 "user32-sys 0.2.0 (registry+https://github.com/rust-lang/crates.io-index)",
 "winapi 0.2.8 (registry+https://github.com/rust-lang/crates.io-index)",
 "x11 2.12.1 (registry+https://github.com/rust-lang/crates.io-index)",
]

[[package]]
name = "bitflags"
version = "0.8.0"
source = "registry+https://github.com/rust-lang/crates.io-index"

[[package]]
name = "error-chain"
version = "0.7.2"
source = "registry+https://github.com/rust-lang/crates.io-index"

[[package]]
name = "gdi32-sys"
version = "0.2.0"
source = "registry+https://github.com/rust-lang/crates.io-index"
dependencies = [
 "winapi 0.2.8 (registry+https://github.com/rust-lang/crates.io-index)",
 "winapi-build 0.1.1 (registry+https://github.com/rust-lang/crates.io-index)",
]

[[package]]
name = "kernel32-sys"
version = "0.2.2"
source = "registry+https://github.com/rust-lang/crates.io-index"
dependencies = [
 "winapi 0.2.8 (registry+https://github.com/rust-lang/crates.io-index)",
 "winapi-build 0.1.1 (registry+https://github.com/rust-lang/crates.io-index)",
]

[[package]]
name = "libc"
version = "0.2.20"
source = "registry+https://github.com/rust-lang/crates.io-index"

[[package]]
name = "log"
version = "0.3.6"
source = "registry+https://github.com/rust-lang/crates.io-index"

[[package]]
name = "metadeps"
version = "1.1.1"
source = "registry+https://github.com/rust-lang/crates.io-index"
dependencies = [
 "error-chain 0.7.2 (registry+https://github.com/rust-lang/crates.io-index)",
 "pkg-config 0.3.9 (registry+https://github.com/rust-lang/crates.io-index)",
 "toml 0.2.1 (registry+https://github.com/rust-lang/crates.io-index)",
]

[[package]]
name = "mm_image"
version = "0.1.0"
source = "registry+https://github.com/rust-lang/crates.io-index"
dependencies = [
 "mm_math 0.0.6 (registry+https://github.com/rust-lang/crates.io-index)",
]

[[package]]
name = "mm_math"
version = "0.0.6"
source = "registry+https://github.com/rust-lang/crates.io-index"

[[package]]
name = "opengl32-sys"
version = "0.1.0"
source = "registry+https://github.com/rust-lang/crates.io-index"
dependencies = [
 "winapi 0.2.8 (registry+https://github.com/rust-lang/crates.io-index)",
]

[[package]]
name = "pkg-config"
version = "0.3.9"
source = "registry+https://github.com/rust-lang/crates.io-index"

[[package]]
name = "toml"
version = "0.2.1"
source = "registry+https://github.com/rust-lang/crates.io-index"

[[package]]
name = "user32-sys"
version = "0.2.0"
source = "registry+https://github.com/rust-lang/crates.io-index"
dependencies = [
 "winapi 0.2.8 (registry+https://github.com/rust-lang/crates.io-index)",
 "winapi-build 0.1.1 (registry+https://github.com/rust-lang/crates.io-index)",
]

[[package]]
name = "winapi"
version = "0.2.8"
source = "registry+https://github.com/rust-lang/crates.io-index"

[[package]]
name = "winapi-build"
version = "0.1.1"
source = "registry+https://github.com/rust-lang/crates.io-index"

[[package]]
name = "x11"
version = "2.12.1"
source = "registry+https://github.com/rust-lang/crates.io-index"
dependencies = [
 "libc 0.2.20 (registry+https://github.com/rust-lang/crates.io-index)",
 "metadeps 1.1.1 (registry+https://github.com/rust-lang/crates.io-index)",
]

[metadata]
"checksum bitflags 0.8.0 (registry+https://github.com/rust-lang/crates.io-index)" = "826e1ab483fc81a8143faa7203c4a3c02888ebd1a782e37e41fa34753ba9a162"
"checksum error-chain 0.7.2 (registry+https://github.com/rust-lang/crates.io-index)" = "318cb3c71ee4cdea69fdc9e15c173b245ed6063e1709029e8fd32525a881120f"
"checksum gdi32-sys 0.2.0 (registry+https://github.com/rust-lang/crates.io-index)" = "0912515a8ff24ba900422ecda800b52f4016a56251922d397c576bf92c690518"
"checksum kernel32-sys 0.2.2 (registry+https://github.com/rust-lang/crates.io-index)" = "7507624b29483431c0ba2d82aece8ca6cdba9382bff4ddd0f7490560c056098d"
"checksum libc 0.2.20 (registry+https://github.com/rust-lang/crates.io-index)" = "684f330624d8c3784fb9558ca46c4ce488073a8d22450415c5eb4f4cfb0d11b5"
"checksum log 0.3.6 (registry+https://github.com/rust-lang/crates.io-index)" = "ab83497bf8bf4ed2a74259c1c802351fcd67a65baa86394b6ba73c36f4838054"
"checksum metadeps 1.1.1 (registry+https://github.com/rust-lang/crates.io-index)" = "829fffe7ea1d747e23f64be972991bc516b2f1ac2ae4a3b33d8bea150c410151"
"checksum mm_image 0.1.0 (registry+https://github.com/rust-lang/crates.io-index)" = "0c22aa11117b2969978a589bde4d70f4973a0ead266afc1aece16d1aa2f044fb"
"checksum mm_math 0.0.6 (registry+https://github.com/rust-lang/crates.io-index)" = "3e5943823c40125f4a995b93e4141ec7982a55730750a26622d6f5a37bce7ec5"
"checksum opengl32-sys 0.1.0 (registry+https://github.com/rust-lang/crates.io-index)" = "cabdd5dd38725f822c7c1300a9d4bed3c5caa2316686064e0f39c3b04a4b15a1"
"checksum pkg-config 0.3.9 (registry+https://github.com/rust-lang/crates.io-index)" = "3a8b4c6b8165cd1a1cd4b9b120978131389f64bdaf456435caa41e630edba903"
"checksum toml 0.2.1 (registry+https://github.com/rust-lang/crates.io-index)" = "736b60249cb25337bc196faa43ee12c705e426f3d55c214d73a4e7be06f92cb4"
"checksum user32-sys 0.2.0 (registry+https://github.com/rust-lang/crates.io-index)" = "4ef4711d107b21b410a3a974b1204d9accc8b10dad75d8324b5d755de1617d47"
"checksum winapi 0.2.8 (registry+https://github.com/rust-lang/crates.io-index)" = "167dc9d6949a9b857f3451275e911c3f44255842c1f7a76f33c55103a909087a"
"checksum winapi-build 0.1.1 (registry+https://github.com/rust-lang/crates.io-index)" = "2d315eee3b34aca4797b2da6b13ed88266e6d612562a0c46390af8299fc699bc"
"checksum x11 2.12.1 (registry+https://github.com/rust-lang/crates.io-index)" = "124eb405bf0262a54e1a982d4ffe4cd1c24261bdb306e49996e2ce7d492284a8"
