[root]
name = "oxidation_app"
version = "0.1.0"
dependencies = [
 "oxidation_bencode 0.1.0 (registry+https://github.com/rust-lang/crates.io-index)",
]

[[package]]
name = "oxidation_bencode"
version = "0.1.0"
source = "registry+https://github.com/rust-lang/crates.io-index"

[metadata]
"checksum oxidation_bencode 0.1.0 (registry+https://github.com/rust-lang/crates.io-index)" = "685019319cecf972312050c5bf39d3783db2871cda9601dcf12975e85b5b69ba"
