[root]
name = "pubsub"
version = "0.2.3"
dependencies = [
 "threadpool 0.1.4 (registry+https://github.com/rust-lang/crates.io-index)",
]

[[package]]
name = "threadpool"
version = "0.1.4"
source = "registry+https://github.com/rust-lang/crates.io-index"

[metadata]
"checksum threadpool 0.1.4 (registry+https://github.com/rust-lang/crates.io-index)" = "a63a15230070db3a9f599491c23c4bf38e86bd47c8f2d86ff1f8d3b2e85b0c70"
