[root]
name = "z3-sys"
version = "0.1.0"
dependencies = [
 "libc 0.2.20 (registry+https://github.com/rust-lang/crates.io-index)",
 "va_list 0.0.1 (registry+https://github.com/rust-lang/crates.io-index)",
]

[[package]]
name = "libc"
version = "0.2.20"
source = "registry+https://github.com/rust-lang/crates.io-index"

[[package]]
name = "va_list"
version = "0.0.1"
source = "registry+https://github.com/rust-lang/crates.io-index"

[metadata]
"checksum libc 0.2.20 (registry+https://github.com/rust-lang/crates.io-index)" = "684f330624d8c3784fb9558ca46c4ce488073a8d22450415c5eb4f4cfb0d11b5"
"checksum va_list 0.0.1 (registry+https://github.com/rust-lang/crates.io-index)" = "35dd61c2a3fd97881058e5b401d981e8647d0630c64065b2a65c329049d6b5ef"
