[root]
name = "clippy_lints"
version = "0.0.117"
dependencies = [
 "matches 0.1.4 (registry+https://github.com/rust-lang/crates.io-index)",
 "quine-mc_cluskey 0.2.4 (registry+https://github.com/rust-lang/crates.io-index)",
 "regex-syntax 0.4.0 (registry+https://github.com/rust-lang/crates.io-index)",
 "semver 0.6.0 (registry+https://github.com/rust-lang/crates.io-index)",
 "toml 0.2.1 (registry+https://github.com/rust-lang/crates.io-index)",
 "unicode-normalization 0.1.4 (registry+https://github.com/rust-lang/crates.io-index)",
]

[[package]]
name = "matches"
version = "0.1.4"
source = "registry+https://github.com/rust-lang/crates.io-index"

[[package]]
name = "quine-mc_cluskey"
version = "0.2.4"
source = "registry+https://github.com/rust-lang/crates.io-index"

[[package]]
name = "regex-syntax"
version = "0.4.0"
source = "registry+https://github.com/rust-lang/crates.io-index"

[[package]]
name = "rustc-serialize"
version = "0.3.23"
source = "registry+https://github.com/rust-lang/crates.io-index"

[[package]]
name = "semver"
version = "0.6.0"
source = "registry+https://github.com/rust-lang/crates.io-index"
dependencies = [
 "semver-parser 0.7.0 (registry+https://github.com/rust-lang/crates.io-index)",
]

[[package]]
name = "semver-parser"
version = "0.7.0"
source = "registry+https://github.com/rust-lang/crates.io-index"

[[package]]
name = "toml"
version = "0.2.1"
source = "registry+https://github.com/rust-lang/crates.io-index"
dependencies = [
 "rustc-serialize 0.3.23 (registry+https://github.com/rust-lang/crates.io-index)",
]

[[package]]
name = "unicode-normalization"
version = "0.1.4"
source = "registry+https://github.com/rust-lang/crates.io-index"

[metadata]
"checksum matches 0.1.4 (registry+https://github.com/rust-lang/crates.io-index)" = "efd7622e3022e1a6eaa602c4cea8912254e5582c9c692e9167714182244801b1"
"checksum quine-mc_cluskey 0.2.4 (registry+https://github.com/rust-lang/crates.io-index)" = "07589615d719a60c8dd8a4622e7946465dfef20d1a428f969e3443e7386d5f45"
"checksum regex-syntax 0.4.0 (registry+https://github.com/rust-lang/crates.io-index)" = "2f9191b1f57603095f105d317e375d19b1c9c5c3185ea9633a99a6dcbed04457"
"checksum rustc-serialize 0.3.23 (registry+https://github.com/rust-lang/crates.io-index)" = "684ce48436d6465300c9ea783b6b14c4361d6b8dcbb1375b486a69cc19e2dfb0"
"checksum semver 0.6.0 (registry+https://github.com/rust-lang/crates.io-index)" = "7a3186ec9e65071a2095434b1f5bb24838d4e8e130f584c790f6033c79943537"
"checksum semver-parser 0.7.0 (registry+https://github.com/rust-lang/crates.io-index)" = "388a1df253eca08550bef6c72392cfe7c30914bf41df5269b68cbd6ff8f570a3"
"checksum toml 0.2.1 (registry+https://github.com/rust-lang/crates.io-index)" = "736b60249cb25337bc196faa43ee12c705e426f3d55c214d73a4e7be06f92cb4"
"checksum unicode-normalization 0.1.4 (registry+https://github.com/rust-lang/crates.io-index)" = "e28fa37426fceeb5cf8f41ee273faa7c82c47dc8fba5853402841e665fcd86ff"
