[root]
name = "demo-hack-impl"
version = "0.0.3"
dependencies = [
 "proc-macro-hack 0.3.2 (registry+https://github.com/rust-lang/crates.io-index)",
]

[[package]]
name = "proc-macro-hack"
version = "0.3.2"
source = "registry+https://github.com/rust-lang/crates.io-index"
dependencies = [
 "proc-macro-hack-impl 0.3.2 (registry+https://github.com/rust-lang/crates.io-index)",
]

[[package]]
name = "proc-macro-hack-impl"
version = "0.3.2"
source = "registry+https://github.com/rust-lang/crates.io-index"

[metadata]
"checksum proc-macro-hack 0.3.2 (registry+https://github.com/rust-lang/crates.io-index)" = "b2c0ccc81175ac7cf2ad6792f05e7d18a65e970ffdb5cc78e97f82f3f8495737"
"checksum proc-macro-hack-impl 0.3.2 (registry+https://github.com/rust-lang/crates.io-index)" = "03cf96e85d60a90e591b7dee15956f6ce6a49b11f98aba278c6e2b893d3a1832"
