[root]
name = "desk"
version = "0.0.1"
dependencies = [
 "shelf 0.2.2 (registry+https://github.com/rust-lang/crates.io-index)",
]

[[package]]
name = "shelf"
version = "0.2.2"
source = "registry+https://github.com/rust-lang/crates.io-index"

[metadata]
"checksum shelf 0.2.2 (registry+https://github.com/rust-lang/crates.io-index)" = "795a309f7813ac025c06ba2ac964613e7384bf7d644ffddee641b91454548f92"
