[root]
name = "diecast"
version = "0.0.1"
dependencies = [
 "anymap 0.12.1 (registry+https://github.com/rust-lang/crates.io-index)",
 "glob 0.2.11 (registry+https://github.com/rust-lang/crates.io-index)",
]

[[package]]
name = "anymap"
version = "0.12.1"
source = "registry+https://github.com/rust-lang/crates.io-index"

[[package]]
name = "glob"
version = "0.2.11"
source = "registry+https://github.com/rust-lang/crates.io-index"

[metadata]
"checksum anymap 0.12.1 (registry+https://github.com/rust-lang/crates.io-index)" = "33954243bd79057c2de7338850b85983a44588021f8a5fee574a8888c6de4344"
"checksum glob 0.2.11 (registry+https://github.com/rust-lang/crates.io-index)" = "8be18de09a56b60ed0edf84bc9df007e30040691af7acd1c41874faac5895bfb"
