[root]
name = "encoding-index-korean"
version = "1.20141219.5"
dependencies = [
 "encoding_index_tests 0.1.4 (registry+https://github.com/rust-lang/crates.io-index)",
]

[[package]]
name = "encoding_index_tests"
version = "0.1.4"
source = "registry+https://github.com/rust-lang/crates.io-index"

[metadata]
"checksum encoding_index_tests 0.1.4 (registry+https://github.com/rust-lang/crates.io-index)" = "a246d82be1c9d791c5dfde9a2bd045fc3cbba3fa2b11ad558f27d01712f00569"
