[root]
name = "gph"
version = "0.1.0"
dependencies = [
 "graphify 0.1.0 (git+https://github.com/Tyleo/graphify.git)",
]

[[package]]
name = "graphify"
version = "0.1.0"
source = "git+https://github.com/Tyleo/graphify.git#8a38fb70b78a47345a00459596ce617165c9cf97"

[metadata]
"checksum graphify 0.1.0 (git+https://github.com/Tyleo/graphify.git)" = "<none>"
