[root]
name = "imagequant"
version = "2.8.2"
dependencies = [
 "rgb 0.5.7 (registry+https://github.com/rust-lang/crates.io-index)",
]

[[package]]
name = "rgb"
version = "0.5.7"
source = "registry+https://github.com/rust-lang/crates.io-index"

[metadata]
"checksum rgb 0.5.7 (registry+https://github.com/rust-lang/crates.io-index)" = "4db5350eea2dbb4f4972c4fb4d980b70c3f0ed3983eb2f66d174a43457514a14"
