[root]
name = "ncollide_testbed2d"
version = "0.3.0"
dependencies = [
 "alga 0.5.1 (registry+https://github.com/rust-lang/crates.io-index)",
 "mpeg_encoder 0.2.1 (registry+https://github.com/rust-lang/crates.io-index)",
 "nalgebra 0.11.2 (registry+https://github.com/rust-lang/crates.io-index)",
 "ncollide 0.11.0 (registry+https://github.com/rust-lang/crates.io-index)",
 "num 0.1.37 (registry+https://github.com/rust-lang/crates.io-index)",
 "rand 0.3.15 (registry+https://github.com/rust-lang/crates.io-index)",
 "sfml 0.11.2 (registry+https://github.com/rust-lang/crates.io-index)",
 "time 0.1.36 (registry+https://github.com/rust-lang/crates.io-index)",
]

[[package]]
name = "alga"
version = "0.5.1"
source = "registry+https://github.com/rust-lang/crates.io-index"
dependencies = [
 "approx 0.1.1 (registry+https://github.com/rust-lang/crates.io-index)",
 "num-complex 0.1.36 (registry+https://github.com/rust-lang/crates.io-index)",
 "num-traits 0.1.37 (registry+https://github.com/rust-lang/crates.io-index)",
]

[[package]]
name = "approx"
version = "0.1.1"
source = "registry+https://github.com/rust-lang/crates.io-index"

[[package]]
name = "bitflags"
version = "0.5.0"
source = "registry+https://github.com/rust-lang/crates.io-index"

[[package]]
name = "csfml-audio-sys"
version = "0.1.0"
source = "registry+https://github.com/rust-lang/crates.io-index"
dependencies = [
 "csfml-system-sys 0.1.0 (registry+https://github.com/rust-lang/crates.io-index)",
 "libc 0.2.21 (registry+https://github.com/rust-lang/crates.io-index)",
 "sfml-types 0.1.0 (registry+https://github.com/rust-lang/crates.io-index)",
]

[[package]]
name = "csfml-graphics-sys"
version = "0.1.0"
source = "registry+https://github.com/rust-lang/crates.io-index"
dependencies = [
 "csfml-system-sys 0.1.0 (registry+https://github.com/rust-lang/crates.io-index)",
 "csfml-window-sys 0.1.1 (registry+https://github.com/rust-lang/crates.io-index)",
 "libc 0.2.21 (registry+https://github.com/rust-lang/crates.io-index)",
 "sfml-types 0.1.0 (registry+https://github.com/rust-lang/crates.io-index)",
]

[[package]]
name = "csfml-network-sys"
version = "0.1.0"
source = "registry+https://github.com/rust-lang/crates.io-index"
dependencies = [
 "csfml-system-sys 0.1.0 (registry+https://github.com/rust-lang/crates.io-index)",
 "libc 0.2.21 (registry+https://github.com/rust-lang/crates.io-index)",
 "sfml-types 0.1.0 (registry+https://github.com/rust-lang/crates.io-index)",
]

[[package]]
name = "csfml-system-sys"
version = "0.1.0"
source = "registry+https://github.com/rust-lang/crates.io-index"
dependencies = [
 "libc 0.2.21 (registry+https://github.com/rust-lang/crates.io-index)",
]

[[package]]
name = "csfml-window-sys"
version = "0.1.1"
source = "registry+https://github.com/rust-lang/crates.io-index"
dependencies = [
 "csfml-system-sys 0.1.0 (registry+https://github.com/rust-lang/crates.io-index)",
 "libc 0.2.21 (registry+https://github.com/rust-lang/crates.io-index)",
 "sfml-types 0.1.0 (registry+https://github.com/rust-lang/crates.io-index)",
]

[[package]]
name = "ffmpeg-sys"
version = "2.8.9"
source = "registry+https://github.com/rust-lang/crates.io-index"
dependencies = [
 "libc 0.2.21 (registry+https://github.com/rust-lang/crates.io-index)",
 "num_cpus 0.2.13 (registry+https://github.com/rust-lang/crates.io-index)",
]

[[package]]
name = "generic-array"
version = "0.2.1"
source = "registry+https://github.com/rust-lang/crates.io-index"
dependencies = [
 "typenum 1.6.0 (registry+https://github.com/rust-lang/crates.io-index)",
]

[[package]]
name = "kernel32-sys"
version = "0.2.2"
source = "registry+https://github.com/rust-lang/crates.io-index"
dependencies = [
 "winapi 0.2.8 (registry+https://github.com/rust-lang/crates.io-index)",
 "winapi-build 0.1.1 (registry+https://github.com/rust-lang/crates.io-index)",
]

[[package]]
name = "libc"
version = "0.2.21"
source = "registry+https://github.com/rust-lang/crates.io-index"

[[package]]
name = "mpeg_encoder"
version = "0.2.1"
source = "registry+https://github.com/rust-lang/crates.io-index"
dependencies = [
 "ffmpeg-sys 2.8.9 (registry+https://github.com/rust-lang/crates.io-index)",
 "libc 0.2.21 (registry+https://github.com/rust-lang/crates.io-index)",
]

[[package]]
name = "nalgebra"
version = "0.11.2"
source = "registry+https://github.com/rust-lang/crates.io-index"
dependencies = [
 "alga 0.5.1 (registry+https://github.com/rust-lang/crates.io-index)",
 "approx 0.1.1 (registry+https://github.com/rust-lang/crates.io-index)",
 "generic-array 0.2.1 (registry+https://github.com/rust-lang/crates.io-index)",
 "num-complex 0.1.36 (registry+https://github.com/rust-lang/crates.io-index)",
 "num-traits 0.1.37 (registry+https://github.com/rust-lang/crates.io-index)",
 "rand 0.3.15 (registry+https://github.com/rust-lang/crates.io-index)",
 "typenum 1.6.0 (registry+https://github.com/rust-lang/crates.io-index)",
]

[[package]]
name = "ncollide"
version = "0.11.0"
source = "registry+https://github.com/rust-lang/crates.io-index"
dependencies = [
 "ncollide_geometry 0.3.0 (registry+https://github.com/rust-lang/crates.io-index)",
 "ncollide_math 0.6.0 (registry+https://github.com/rust-lang/crates.io-index)",
 "ncollide_pipeline 0.10.0 (registry+https://github.com/rust-lang/crates.io-index)",
 "ncollide_procedural 0.6.0 (registry+https://github.com/rust-lang/crates.io-index)",
 "ncollide_transformation 0.6.0 (registry+https://github.com/rust-lang/crates.io-index)",
 "ncollide_utils 0.6.0 (registry+https://github.com/rust-lang/crates.io-index)",
]

[[package]]
name = "ncollide_geometry"
version = "0.3.0"
source = "registry+https://github.com/rust-lang/crates.io-index"
dependencies = [
 "alga 0.5.1 (registry+https://github.com/rust-lang/crates.io-index)",
 "approx 0.1.1 (registry+https://github.com/rust-lang/crates.io-index)",
 "nalgebra 0.11.2 (registry+https://github.com/rust-lang/crates.io-index)",
 "ncollide_math 0.6.0 (registry+https://github.com/rust-lang/crates.io-index)",
 "ncollide_utils 0.6.0 (registry+https://github.com/rust-lang/crates.io-index)",
 "num-traits 0.1.37 (registry+https://github.com/rust-lang/crates.io-index)",
 "rustc-serialize 0.3.23 (registry+https://github.com/rust-lang/crates.io-index)",
]

[[package]]
name = "ncollide_math"
version = "0.6.0"
source = "registry+https://github.com/rust-lang/crates.io-index"
dependencies = [
 "alga 0.5.1 (registry+https://github.com/rust-lang/crates.io-index)",
 "approx 0.1.1 (registry+https://github.com/rust-lang/crates.io-index)",
 "nalgebra 0.11.2 (registry+https://github.com/rust-lang/crates.io-index)",
 "num-traits 0.1.37 (registry+https://github.com/rust-lang/crates.io-index)",
 "rand 0.3.15 (registry+https://github.com/rust-lang/crates.io-index)",
 "rustc-serialize 0.3.23 (registry+https://github.com/rust-lang/crates.io-index)",
]

[[package]]
name = "ncollide_pipeline"
version = "0.10.0"
source = "registry+https://github.com/rust-lang/crates.io-index"
dependencies = [
 "alga 0.5.1 (registry+https://github.com/rust-lang/crates.io-index)",
 "nalgebra 0.11.2 (registry+https://github.com/rust-lang/crates.io-index)",
 "ncollide_geometry 0.3.0 (registry+https://github.com/rust-lang/crates.io-index)",
 "ncollide_math 0.6.0 (registry+https://github.com/rust-lang/crates.io-index)",
 "ncollide_utils 0.6.0 (registry+https://github.com/rust-lang/crates.io-index)",
 "rustc-serialize 0.3.23 (registry+https://github.com/rust-lang/crates.io-index)",
]

[[package]]
name = "ncollide_procedural"
version = "0.6.0"
source = "registry+https://github.com/rust-lang/crates.io-index"
dependencies = [
 "alga 0.5.1 (registry+https://github.com/rust-lang/crates.io-index)",
 "nalgebra 0.11.2 (registry+https://github.com/rust-lang/crates.io-index)",
 "ncollide_math 0.6.0 (registry+https://github.com/rust-lang/crates.io-index)",
 "ncollide_utils 0.6.0 (registry+https://github.com/rust-lang/crates.io-index)",
 "num-traits 0.1.37 (registry+https://github.com/rust-lang/crates.io-index)",
 "rustc-serialize 0.3.23 (registry+https://github.com/rust-lang/crates.io-index)",
]

[[package]]
name = "ncollide_transformation"
version = "0.6.0"
source = "registry+https://github.com/rust-lang/crates.io-index"
dependencies = [
 "alga 0.5.1 (registry+https://github.com/rust-lang/crates.io-index)",
 "approx 0.1.1 (registry+https://github.com/rust-lang/crates.io-index)",
 "nalgebra 0.11.2 (registry+https://github.com/rust-lang/crates.io-index)",
 "ncollide_geometry 0.3.0 (registry+https://github.com/rust-lang/crates.io-index)",
 "ncollide_math 0.6.0 (registry+https://github.com/rust-lang/crates.io-index)",
 "ncollide_procedural 0.6.0 (registry+https://github.com/rust-lang/crates.io-index)",
 "ncollide_utils 0.6.0 (registry+https://github.com/rust-lang/crates.io-index)",
 "num-traits 0.1.37 (registry+https://github.com/rust-lang/crates.io-index)",
 "rustc-serialize 0.3.23 (registry+https://github.com/rust-lang/crates.io-index)",
]

[[package]]
name = "ncollide_utils"
version = "0.6.0"
source = "registry+https://github.com/rust-lang/crates.io-index"
dependencies = [
 "alga 0.5.1 (registry+https://github.com/rust-lang/crates.io-index)",
 "approx 0.1.1 (registry+https://github.com/rust-lang/crates.io-index)",
 "nalgebra 0.11.2 (registry+https://github.com/rust-lang/crates.io-index)",
 "ncollide_math 0.6.0 (registry+https://github.com/rust-lang/crates.io-index)",
 "num-traits 0.1.37 (registry+https://github.com/rust-lang/crates.io-index)",
 "rand 0.3.15 (registry+https://github.com/rust-lang/crates.io-index)",
 "rustc-serialize 0.3.23 (registry+https://github.com/rust-lang/crates.io-index)",
]

[[package]]
name = "num"
version = "0.1.37"
source = "registry+https://github.com/rust-lang/crates.io-index"
dependencies = [
 "num-bigint 0.1.37 (registry+https://github.com/rust-lang/crates.io-index)",
 "num-complex 0.1.36 (registry+https://github.com/rust-lang/crates.io-index)",
 "num-integer 0.1.33 (registry+https://github.com/rust-lang/crates.io-index)",
 "num-iter 0.1.33 (registry+https://github.com/rust-lang/crates.io-index)",
 "num-rational 0.1.36 (registry+https://github.com/rust-lang/crates.io-index)",
 "num-traits 0.1.37 (registry+https://github.com/rust-lang/crates.io-index)",
]

[[package]]
name = "num-bigint"
version = "0.1.37"
source = "registry+https://github.com/rust-lang/crates.io-index"
dependencies = [
 "num-integer 0.1.33 (registry+https://github.com/rust-lang/crates.io-index)",
 "num-traits 0.1.37 (registry+https://github.com/rust-lang/crates.io-index)",
 "rand 0.3.15 (registry+https://github.com/rust-lang/crates.io-index)",
 "rustc-serialize 0.3.23 (registry+https://github.com/rust-lang/crates.io-index)",
]

[[package]]
name = "num-complex"
version = "0.1.36"
source = "registry+https://github.com/rust-lang/crates.io-index"
dependencies = [
 "num-traits 0.1.37 (registry+https://github.com/rust-lang/crates.io-index)",
 "rustc-serialize 0.3.23 (registry+https://github.com/rust-lang/crates.io-index)",
]

[[package]]
name = "num-integer"
version = "0.1.33"
source = "registry+https://github.com/rust-lang/crates.io-index"
dependencies = [
 "num-traits 0.1.37 (registry+https://github.com/rust-lang/crates.io-index)",
]

[[package]]
name = "num-iter"
version = "0.1.33"
source = "registry+https://github.com/rust-lang/crates.io-index"
dependencies = [
 "num-integer 0.1.33 (registry+https://github.com/rust-lang/crates.io-index)",
 "num-traits 0.1.37 (registry+https://github.com/rust-lang/crates.io-index)",
]

[[package]]
name = "num-rational"
version = "0.1.36"
source = "registry+https://github.com/rust-lang/crates.io-index"
dependencies = [
 "num-bigint 0.1.37 (registry+https://github.com/rust-lang/crates.io-index)",
 "num-integer 0.1.33 (registry+https://github.com/rust-lang/crates.io-index)",
 "num-traits 0.1.37 (registry+https://github.com/rust-lang/crates.io-index)",
 "rustc-serialize 0.3.23 (registry+https://github.com/rust-lang/crates.io-index)",
]

[[package]]
name = "num-traits"
version = "0.1.37"
source = "registry+https://github.com/rust-lang/crates.io-index"

[[package]]
name = "num_cpus"
version = "0.2.13"
source = "registry+https://github.com/rust-lang/crates.io-index"
dependencies = [
 "libc 0.2.21 (registry+https://github.com/rust-lang/crates.io-index)",
]

[[package]]
name = "rand"
version = "0.3.15"
source = "registry+https://github.com/rust-lang/crates.io-index"
dependencies = [
 "libc 0.2.21 (registry+https://github.com/rust-lang/crates.io-index)",
]

[[package]]
name = "redox_syscall"
version = "0.1.17"
source = "registry+https://github.com/rust-lang/crates.io-index"

[[package]]
name = "rustc-serialize"
version = "0.3.23"
source = "registry+https://github.com/rust-lang/crates.io-index"

[[package]]
name = "sfml"
version = "0.11.2"
source = "registry+https://github.com/rust-lang/crates.io-index"
dependencies = [
 "bitflags 0.5.0 (registry+https://github.com/rust-lang/crates.io-index)",
 "csfml-audio-sys 0.1.0 (registry+https://github.com/rust-lang/crates.io-index)",
 "csfml-graphics-sys 0.1.0 (registry+https://github.com/rust-lang/crates.io-index)",
 "csfml-network-sys 0.1.0 (registry+https://github.com/rust-lang/crates.io-index)",
 "csfml-system-sys 0.1.0 (registry+https://github.com/rust-lang/crates.io-index)",
 "csfml-window-sys 0.1.1 (registry+https://github.com/rust-lang/crates.io-index)",
 "libc 0.2.21 (registry+https://github.com/rust-lang/crates.io-index)",
 "sfml-types 0.1.0 (registry+https://github.com/rust-lang/crates.io-index)",
]

[[package]]
name = "sfml-types"
version = "0.1.0"
source = "registry+https://github.com/rust-lang/crates.io-index"

[[package]]
name = "time"
version = "0.1.36"
source = "registry+https://github.com/rust-lang/crates.io-index"
dependencies = [
 "kernel32-sys 0.2.2 (registry+https://github.com/rust-lang/crates.io-index)",
 "libc 0.2.21 (registry+https://github.com/rust-lang/crates.io-index)",
 "redox_syscall 0.1.17 (registry+https://github.com/rust-lang/crates.io-index)",
 "winapi 0.2.8 (registry+https://github.com/rust-lang/crates.io-index)",
]

[[package]]
name = "typenum"
version = "1.6.0"
source = "registry+https://github.com/rust-lang/crates.io-index"

[[package]]
name = "winapi"
version = "0.2.8"
source = "registry+https://github.com/rust-lang/crates.io-index"

[[package]]
name = "winapi-build"
version = "0.1.1"
source = "registry+https://github.com/rust-lang/crates.io-index"

[metadata]
"checksum alga 0.5.1 (registry+https://github.com/rust-lang/crates.io-index)" = "ac1e4aec8a55e9150c6941e3c1059272b8e607c0503f9b61ca12289e56efb87b"
"checksum approx 0.1.1 (registry+https://github.com/rust-lang/crates.io-index)" = "08abcc3b4e9339e33a3d0a5ed15d84a687350c05689d825e0f6655eef9e76a94"
"checksum bitflags 0.5.0 (registry+https://github.com/rust-lang/crates.io-index)" = "4f67931368edf3a9a51d29886d245f1c3db2f1ef0dcc9e35ff70341b78c10d23"
"checksum csfml-audio-sys 0.1.0 (registry+https://github.com/rust-lang/crates.io-index)" = "f03e143b2470cbe317a57c17661f315f9565e4187ea85335ad7839dc57aa6bd0"
"checksum csfml-graphics-sys 0.1.0 (registry+https://github.com/rust-lang/crates.io-index)" = "72e888a8cc664674eb47271d1042fc2df09a03fd7eb1585d691f0503dce19c55"
"checksum csfml-network-sys 0.1.0 (registry+https://github.com/rust-lang/crates.io-index)" = "bd11432924734b45b6478ee384ad84591274a9f277997771ca2cd57ebf03940e"
"checksum csfml-system-sys 0.1.0 (registry+https://github.com/rust-lang/crates.io-index)" = "f613309f92bca2549e066286580d0ab69809afba4675c3fc0c7943409c77206d"
"checksum csfml-window-sys 0.1.1 (registry+https://github.com/rust-lang/crates.io-index)" = "f74f961b69749ca7e62ad66b7959ab62f63847826d8cb3a068250fcbd1c3fbcf"
"checksum ffmpeg-sys 2.8.9 (registry+https://github.com/rust-lang/crates.io-index)" = "683f0fa41ebe43e7162184d172190e24318af66f7065006a36c2cc877f0e0edd"
"checksum generic-array 0.2.1 (registry+https://github.com/rust-lang/crates.io-index)" = "3406a3975bc944fdd85b7964d53296a0ff11f4b6c4704fa4972c9a7c8ba27367"
"checksum kernel32-sys 0.2.2 (registry+https://github.com/rust-lang/crates.io-index)" = "7507624b29483431c0ba2d82aece8ca6cdba9382bff4ddd0f7490560c056098d"
"checksum libc 0.2.21 (registry+https://github.com/rust-lang/crates.io-index)" = "88ee81885f9f04bff991e306fea7c1c60a5f0f9e409e99f6b40e3311a3363135"
"checksum mpeg_encoder 0.2.1 (registry+https://github.com/rust-lang/crates.io-index)" = "b760970bd95937753c41bae0a98020dbcc941b8523df2e57ced6c3d3523cf05f"
"checksum nalgebra 0.11.2 (registry+https://github.com/rust-lang/crates.io-index)" = "7521e0d6d09ae3df9cc0b39af462a7df85c19936249b31ee5ded7f45e4571fee"
"checksum ncollide 0.11.0 (registry+https://github.com/rust-lang/crates.io-index)" = "e6586fa7daa64faf5875ee5fe1fd7b7c2944e7521625ec6e71cd78f6962516e8"
"checksum ncollide_geometry 0.3.0 (registry+https://github.com/rust-lang/crates.io-index)" = "9770eec1e4fde40f72d6899685f491fc47a6d436e427cab1233841be89512f04"
"checksum ncollide_math 0.6.0 (registry+https://github.com/rust-lang/crates.io-index)" = "85ddfe8f3f3e6e511c71a154fc8e546a892b38841ffed3f00b7b8cf8f6211301"
"checksum ncollide_pipeline 0.10.0 (registry+https://github.com/rust-lang/crates.io-index)" = "3e76444a085c87bd6ea930e75586abf771870478265b5e0029c42603c7155ae8"
"checksum ncollide_procedural 0.6.0 (registry+https://github.com/rust-lang/crates.io-index)" = "870cdf10cd3e23419a1a4b26d59aa47019ee933048fd921a35e38ae6f1458e4a"
"checksum ncollide_transformation 0.6.0 (registry+https://github.com/rust-lang/crates.io-index)" = "94702c2234664d2e791db33434ebf86871b2fb6d3b32f85148fe69a9344c8d14"
"checksum ncollide_utils 0.6.0 (registry+https://github.com/rust-lang/crates.io-index)" = "97a92d39f89be3cae42020959af582d8041b3e7acbede6848f49e0fdb1a59a44"
"checksum num 0.1.37 (registry+https://github.com/rust-lang/crates.io-index)" = "98b15ba84e910ea7a1973bccd3df7b31ae282bf9d8bd2897779950c9b8303d40"
"checksum num-bigint 0.1.37 (registry+https://github.com/rust-lang/crates.io-index)" = "ba6d838b16e56da1b6c383d065ff1ec3c7d7797f65a3e8f6ba7092fd87820bac"
"checksum num-complex 0.1.36 (registry+https://github.com/rust-lang/crates.io-index)" = "3534898d8a1f6b16c12f9fc2f4eaabc7ecdcc55f267213caa8988fdc7d60ff94"
"checksum num-integer 0.1.33 (registry+https://github.com/rust-lang/crates.io-index)" = "21e4df1098d1d797d27ef0c69c178c3fab64941559b290fcae198e0825c9c8b5"
"checksum num-iter 0.1.33 (registry+https://github.com/rust-lang/crates.io-index)" = "f7d1891bd7b936f12349b7d1403761c8a0b85a18b148e9da4429d5d102c1a41e"
"checksum num-rational 0.1.36 (registry+https://github.com/rust-lang/crates.io-index)" = "c2dc5ea04020a8f18318ae485c751f8cfa1c0e69dcf465c29ddaaa64a313cc44"
"checksum num-traits 0.1.37 (registry+https://github.com/rust-lang/crates.io-index)" = "e1cbfa3781f3fe73dc05321bed52a06d2d491eaa764c52335cf4399f046ece99"
"checksum num_cpus 0.2.13 (registry+https://github.com/rust-lang/crates.io-index)" = "cee7e88156f3f9e19bdd598f8d6c9db7bf4078f99f8381f43a55b09648d1a6e3"
"checksum rand 0.3.15 (registry+https://github.com/rust-lang/crates.io-index)" = "022e0636ec2519ddae48154b028864bdce4eaf7d35226ab8e65c611be97b189d"
"checksum redox_syscall 0.1.17 (registry+https://github.com/rust-lang/crates.io-index)" = "29dbdfd4b9df8ab31dec47c6087b7b13cbf4a776f335e4de8efba8288dda075b"
"checksum rustc-serialize 0.3.23 (registry+https://github.com/rust-lang/crates.io-index)" = "684ce48436d6465300c9ea783b6b14c4361d6b8dcbb1375b486a69cc19e2dfb0"
"checksum sfml 0.11.2 (registry+https://github.com/rust-lang/crates.io-index)" = "796ac61674669d1cbc9a444af283aa622c8bf018692a9ec4dc39ff9445615469"
"checksum sfml-types 0.1.0 (registry+https://github.com/rust-lang/crates.io-index)" = "d81c513af1beb0d4105ac8269dc0f8405d0e1bbf0d589af1b882fb515d7c5758"
"checksum time 0.1.36 (registry+https://github.com/rust-lang/crates.io-index)" = "211b63c112206356ef1ff9b19355f43740fc3f85960c598a93d3a3d3ba7beade"
"checksum typenum 1.6.0 (registry+https://github.com/rust-lang/crates.io-index)" = "67487cf4cca391384ecd9f42d786ea8334ca476b7030252e5175909c84bba9e2"
"checksum winapi 0.2.8 (registry+https://github.com/rust-lang/crates.io-index)" = "167dc9d6949a9b857f3451275e911c3f44255842c1f7a76f33c55103a909087a"
"checksum winapi-build 0.1.1 (registry+https://github.com/rust-lang/crates.io-index)" = "2d315eee3b34aca4797b2da6b13ed88266e6d612562a0c46390af8299fc699bc"
