[root]
name = "netbuf"
version = "0.3.8"
dependencies = [
 "mockstream 0.0.2 (registry+https://github.com/rust-lang/crates.io-index)",
]

[[package]]
name = "mockstream"
version = "0.0.2"
source = "registry+https://github.com/rust-lang/crates.io-index"

[metadata]
"checksum mockstream 0.0.2 (registry+https://github.com/rust-lang/crates.io-index)" = "11ea18c8c8948af7fd365952a5ef232b1cec65a8568a3cc2d16a5c61e2751592"
