[root]
name = "oak"
version = "0.4.9"
dependencies = [
 "oak_runtime 0.4.3 (registry+https://github.com/rust-lang/crates.io-index)",
 "partial 0.1.3 (registry+https://github.com/rust-lang/crates.io-index)",
]

[[package]]
name = "oak_runtime"
version = "0.4.3"
source = "registry+https://github.com/rust-lang/crates.io-index"

[[package]]
name = "partial"
version = "0.1.3"
source = "registry+https://github.com/rust-lang/crates.io-index"

[metadata]
"checksum oak_runtime 0.4.3 (registry+https://github.com/rust-lang/crates.io-index)" = "b1b120e9e0f7cf2e4e73fb50e4af3281bd8c4255904395e8ea5951f8980bd284"
"checksum partial 0.1.3 (registry+https://github.com/rust-lang/crates.io-index)" = "11983ca9021b2c35832b29067ca1ff59587ba207690549ee543c8ebe36af567c"
