[root]
name = "procure"
version = "0.1.2"
dependencies = [
 "sysconf 0.1.2 (registry+https://github.com/rust-lang/crates.io-index)",
]

[[package]]
name = "libc"
version = "0.2.21"
source = "registry+https://github.com/rust-lang/crates.io-index"

[[package]]
name = "sysconf"
version = "0.1.2"
source = "registry+https://github.com/rust-lang/crates.io-index"
dependencies = [
 "libc 0.2.21 (registry+https://github.com/rust-lang/crates.io-index)",
]

[metadata]
"checksum libc 0.2.21 (registry+https://github.com/rust-lang/crates.io-index)" = "88ee81885f9f04bff991e306fea7c1c60a5f0f9e409e99f6b40e3311a3363135"
"checksum sysconf 0.1.2 (registry+https://github.com/rust-lang/crates.io-index)" = "909bbe5cb1dbd4ba086ff591ccdbf2c991892e5644c364917febae9f69cbdc2a"
