[root]
name = "rust-birkana"
version = "1.1.1"
dependencies = [
 "svg 0.5.5 (registry+https://github.com/rust-lang/crates.io-index)",
]

[[package]]
name = "svg"
version = "0.5.5"
source = "registry+https://github.com/rust-lang/crates.io-index"

[metadata]
"checksum svg 0.5.5 (registry+https://github.com/rust-lang/crates.io-index)" = "4308c7f639ecd0062b4020323ca3fdce156190132211c337b82c7389f7a110c6"
