[root]
name = "special-fun"
version = "0.1.5"
dependencies = [
 "num-traits 0.1.37 (registry+https://github.com/rust-lang/crates.io-index)",
]

[[package]]
name = "num-traits"
version = "0.1.37"
source = "registry+https://github.com/rust-lang/crates.io-index"

[metadata]
"checksum num-traits 0.1.37 (registry+https://github.com/rust-lang/crates.io-index)" = "e1cbfa3781f3fe73dc05321bed52a06d2d491eaa764c52335cf4399f046ece99"
