[root]
name = "vte"
version = "0.3.0"
dependencies = [
 "utf8parse 0.1.0 (registry+https://github.com/rust-lang/crates.io-index)",
]

[[package]]
name = "utf8parse"
version = "0.1.0"
source = "registry+https://github.com/rust-lang/crates.io-index"

[metadata]
"checksum utf8parse 0.1.0 (registry+https://github.com/rust-lang/crates.io-index)" = "a15ea87f3194a3a454c78d79082b4f5e85f6956ddb6cb86bbfbe4892aa3c0323"
