[root]
name = "buffer"
version = "0.1.6"
dependencies = [
 "arrayvec 0.3.20 (registry+https://github.com/rust-lang/crates.io-index)",
 "mac 0.0.2 (registry+https://github.com/rust-lang/crates.io-index)",
]

[[package]]
name = "arrayvec"
version = "0.3.20"
source = "registry+https://github.com/rust-lang/crates.io-index"
dependencies = [
 "nodrop 0.1.9 (registry+https://github.com/rust-lang/crates.io-index)",
 "odds 0.2.25 (registry+https://github.com/rust-lang/crates.io-index)",
]

[[package]]
name = "mac"
version = "0.0.2"
source = "registry+https://github.com/rust-lang/crates.io-index"

[[package]]
name = "nodrop"
version = "0.1.9"
source = "registry+https://github.com/rust-lang/crates.io-index"
dependencies = [
 "odds 0.2.25 (registry+https://github.com/rust-lang/crates.io-index)",
]

[[package]]
name = "odds"
version = "0.2.25"
source = "registry+https://github.com/rust-lang/crates.io-index"

[metadata]
"checksum arrayvec 0.3.20 (registry+https://github.com/rust-lang/crates.io-index)" = "d89f1b0e242270b5b797778af0c8d182a1a2ccac5d8d6fadf414223cc0fab096"
"checksum mac 0.0.2 (registry+https://github.com/rust-lang/crates.io-index)" = "1b1db08c0d0ddbb591e65f1da58d1cefccc94a2faa0c55bf979ce215a3e04d5e"
"checksum nodrop 0.1.9 (registry+https://github.com/rust-lang/crates.io-index)" = "52cd74cd09beba596430cc6e3091b74007169a56246e1262f0ba451ea95117b2"
"checksum odds 0.2.25 (registry+https://github.com/rust-lang/crates.io-index)" = "c3df9b730298cea3a1c3faa90b7e2f9df3a9c400d0936d6015e6165734eefcba"
