[root]
name = "compiler-builtins-snapshot"
version = "0.1.20170127+764557f0b669bb0e28817c5ae70c9d718685e35a"
dependencies = [
 "gcc 0.3.43 (registry+https://github.com/rust-lang/crates.io-index)",
 "rustc-cfg 0.3.0 (registry+https://github.com/rust-lang/crates.io-index)",
]

[[package]]
name = "gcc"
version = "0.3.43"
source = "registry+https://github.com/rust-lang/crates.io-index"

[[package]]
name = "rustc-cfg"
version = "0.3.0"
source = "registry+https://github.com/rust-lang/crates.io-index"

[metadata]
"checksum gcc 0.3.43 (registry+https://github.com/rust-lang/crates.io-index)" = "c07c758b972368e703a562686adb39125707cc1ef3399da8c019fc6c2498a75d"
"checksum rustc-cfg 0.3.0 (registry+https://github.com/rust-lang/crates.io-index)" = "56a596b5718bf5e059d59a30af12f7f462a152de147aa462b70892849ee18704"
