[root]
name = "lyon"
version = "0.4.0"
dependencies = [
 "lyon_bezier 0.4.0 (registry+https://github.com/rust-lang/crates.io-index)",
 "lyon_core 0.4.0 (registry+https://github.com/rust-lang/crates.io-index)",
 "lyon_extra 0.4.0 (registry+https://github.com/rust-lang/crates.io-index)",
 "lyon_path 0.4.0 (registry+https://github.com/rust-lang/crates.io-index)",
 "lyon_path_builder 0.4.0 (registry+https://github.com/rust-lang/crates.io-index)",
 "lyon_path_iterator 0.4.0 (registry+https://github.com/rust-lang/crates.io-index)",
 "lyon_svg 0.4.0 (registry+https://github.com/rust-lang/crates.io-index)",
 "lyon_tessellation 0.4.0 (registry+https://github.com/rust-lang/crates.io-index)",
]

[[package]]
name = "euclid"
version = "0.10.5"
source = "registry+https://github.com/rust-lang/crates.io-index"
dependencies = [
 "heapsize 0.3.8 (registry+https://github.com/rust-lang/crates.io-index)",
 "log 0.3.7 (registry+https://github.com/rust-lang/crates.io-index)",
 "num-traits 0.1.37 (registry+https://github.com/rust-lang/crates.io-index)",
 "rustc-serialize 0.3.22 (registry+https://github.com/rust-lang/crates.io-index)",
 "serde 0.8.23 (registry+https://github.com/rust-lang/crates.io-index)",
]

[[package]]
name = "heapsize"
version = "0.3.8"
source = "registry+https://github.com/rust-lang/crates.io-index"
dependencies = [
 "kernel32-sys 0.2.2 (registry+https://github.com/rust-lang/crates.io-index)",
]

[[package]]
name = "kernel32-sys"
version = "0.2.2"
source = "registry+https://github.com/rust-lang/crates.io-index"
dependencies = [
 "winapi 0.2.8 (registry+https://github.com/rust-lang/crates.io-index)",
 "winapi-build 0.1.1 (registry+https://github.com/rust-lang/crates.io-index)",
]

[[package]]
name = "log"
version = "0.3.7"
source = "registry+https://github.com/rust-lang/crates.io-index"

[[package]]
name = "lyon_bezier"
version = "0.4.0"
source = "registry+https://github.com/rust-lang/crates.io-index"
dependencies = [
 "euclid 0.10.5 (registry+https://github.com/rust-lang/crates.io-index)",
]

[[package]]
name = "lyon_core"
version = "0.4.0"
source = "registry+https://github.com/rust-lang/crates.io-index"
dependencies = [
 "euclid 0.10.5 (registry+https://github.com/rust-lang/crates.io-index)",
]

[[package]]
name = "lyon_extra"
version = "0.4.0"
source = "registry+https://github.com/rust-lang/crates.io-index"
dependencies = [
 "lyon_core 0.4.0 (registry+https://github.com/rust-lang/crates.io-index)",
 "lyon_path 0.4.0 (registry+https://github.com/rust-lang/crates.io-index)",
 "lyon_path_builder 0.4.0 (registry+https://github.com/rust-lang/crates.io-index)",
 "lyon_path_iterator 0.4.0 (registry+https://github.com/rust-lang/crates.io-index)",
]

[[package]]
name = "lyon_path"
version = "0.4.0"
source = "registry+https://github.com/rust-lang/crates.io-index"
dependencies = [
 "lyon_bezier 0.4.0 (registry+https://github.com/rust-lang/crates.io-index)",
 "lyon_core 0.4.0 (registry+https://github.com/rust-lang/crates.io-index)",
 "lyon_path_builder 0.4.0 (registry+https://github.com/rust-lang/crates.io-index)",
 "lyon_path_iterator 0.4.0 (registry+https://github.com/rust-lang/crates.io-index)",
]

[[package]]
name = "lyon_path_builder"
version = "0.4.0"
source = "registry+https://github.com/rust-lang/crates.io-index"
dependencies = [
 "lyon_bezier 0.4.0 (registry+https://github.com/rust-lang/crates.io-index)",
 "lyon_core 0.4.0 (registry+https://github.com/rust-lang/crates.io-index)",
]

[[package]]
name = "lyon_path_iterator"
version = "0.4.0"
source = "registry+https://github.com/rust-lang/crates.io-index"
dependencies = [
 "lyon_bezier 0.4.0 (registry+https://github.com/rust-lang/crates.io-index)",
 "lyon_core 0.4.0 (registry+https://github.com/rust-lang/crates.io-index)",
]

[[package]]
name = "lyon_svg"
version = "0.4.0"
source = "registry+https://github.com/rust-lang/crates.io-index"
dependencies = [
 "lyon_core 0.4.0 (registry+https://github.com/rust-lang/crates.io-index)",
 "lyon_path 0.4.0 (registry+https://github.com/rust-lang/crates.io-index)",
 "lyon_path_builder 0.4.0 (registry+https://github.com/rust-lang/crates.io-index)",
 "lyon_path_iterator 0.4.0 (registry+https://github.com/rust-lang/crates.io-index)",
 "lyon_tessellation 0.4.0 (registry+https://github.com/rust-lang/crates.io-index)",
 "svgparser 0.0.3 (registry+https://github.com/rust-lang/crates.io-index)",
]

[[package]]
name = "lyon_tessellation"
version = "0.4.0"
source = "registry+https://github.com/rust-lang/crates.io-index"
dependencies = [
 "lyon_bezier 0.4.0 (registry+https://github.com/rust-lang/crates.io-index)",
 "lyon_core 0.4.0 (registry+https://github.com/rust-lang/crates.io-index)",
 "lyon_path 0.4.0 (registry+https://github.com/rust-lang/crates.io-index)",
 "lyon_path_builder 0.4.0 (registry+https://github.com/rust-lang/crates.io-index)",
 "lyon_path_iterator 0.4.0 (registry+https://github.com/rust-lang/crates.io-index)",
]

[[package]]
name = "num-traits"
version = "0.1.37"
source = "registry+https://github.com/rust-lang/crates.io-index"

[[package]]
name = "phf"
version = "0.7.21"
source = "registry+https://github.com/rust-lang/crates.io-index"
dependencies = [
 "phf_shared 0.7.21 (registry+https://github.com/rust-lang/crates.io-index)",
]

[[package]]
name = "phf_shared"
version = "0.7.21"
source = "registry+https://github.com/rust-lang/crates.io-index"
dependencies = [
 "siphasher 0.2.1 (registry+https://github.com/rust-lang/crates.io-index)",
]

[[package]]
name = "rustc-serialize"
version = "0.3.22"
source = "registry+https://github.com/rust-lang/crates.io-index"

[[package]]
name = "serde"
version = "0.8.23"
source = "registry+https://github.com/rust-lang/crates.io-index"

[[package]]
name = "siphasher"
version = "0.2.1"
source = "registry+https://github.com/rust-lang/crates.io-index"

[[package]]
name = "svgparser"
version = "0.0.3"
source = "registry+https://github.com/rust-lang/crates.io-index"
dependencies = [
 "phf 0.7.21 (registry+https://github.com/rust-lang/crates.io-index)",
]

[[package]]
name = "winapi"
version = "0.2.8"
source = "registry+https://github.com/rust-lang/crates.io-index"

[[package]]
name = "winapi-build"
version = "0.1.1"
source = "registry+https://github.com/rust-lang/crates.io-index"

[metadata]
"checksum euclid 0.10.5 (registry+https://github.com/rust-lang/crates.io-index)" = "f93a556290e09f379cbfaa4f75ac52a72a3d2deb7d04076f312cdb2e6acba28e"
"checksum heapsize 0.3.8 (registry+https://github.com/rust-lang/crates.io-index)" = "5a376f7402b85be6e0ba504243ecbc0709c48019ecc6286d0540c2e359050c88"
"checksum kernel32-sys 0.2.2 (registry+https://github.com/rust-lang/crates.io-index)" = "7507624b29483431c0ba2d82aece8ca6cdba9382bff4ddd0f7490560c056098d"
"checksum log 0.3.7 (registry+https://github.com/rust-lang/crates.io-index)" = "5141eca02775a762cc6cd564d8d2c50f67c0ea3a372cbf1c51592b3e029e10ad"
"checksum lyon_bezier 0.4.0 (registry+https://github.com/rust-lang/crates.io-index)" = "9aa6af35c683ddc2741593b112c8fe1d625b5cf91c7058bbb441549ea98de072"
"checksum lyon_core 0.4.0 (registry+https://github.com/rust-lang/crates.io-index)" = "220fec1eb3dfd49d26a2af4acdd8769b76688fa47898732e3d70c8b7215d6e5c"
"checksum lyon_extra 0.4.0 (registry+https://github.com/rust-lang/crates.io-index)" = "466e91d2fb2276595b3df7e5b2ddff280c635fcfb8e4df36bef8887b3ee7efc6"
"checksum lyon_path 0.4.0 (registry+https://github.com/rust-lang/crates.io-index)" = "0fd0a7badc0aeb3fc536ab30dabe133e0326bd8c93f5e7d5c0236d4b63ef90c0"
"checksum lyon_path_builder 0.4.0 (registry+https://github.com/rust-lang/crates.io-index)" = "3e19fc06eb0b0a1ba6863472151e0b26041394f3a245e56dac6866c769925667"
"checksum lyon_path_iterator 0.4.0 (registry+https://github.com/rust-lang/crates.io-index)" = "3fcaa6f4dd2518e36934d17d41d19039549d6804aefc4366466be81417c035a6"
"checksum lyon_svg 0.4.0 (registry+https://github.com/rust-lang/crates.io-index)" = "34dc9538ddc5ce3803ddeac6744d2ac890149f87bf8b5c1d85c67e2771d64235"
"checksum lyon_tessellation 0.4.0 (registry+https://github.com/rust-lang/crates.io-index)" = "a15176fad92fa857bc86d38f5ee0dfb038751be92d82867116b714cfd25d7cd5"
"checksum num-traits 0.1.37 (registry+https://github.com/rust-lang/crates.io-index)" = "e1cbfa3781f3fe73dc05321bed52a06d2d491eaa764c52335cf4399f046ece99"
"checksum phf 0.7.21 (registry+https://github.com/rust-lang/crates.io-index)" = "cb325642290f28ee14d8c6201159949a872f220c62af6e110a56ea914fbe42fc"
"checksum phf_shared 0.7.21 (registry+https://github.com/rust-lang/crates.io-index)" = "07e24b0ca9643bdecd0632f2b3da6b1b89bbb0030e0b992afc1113b23a7bc2f2"
"checksum rustc-serialize 0.3.22 (registry+https://github.com/rust-lang/crates.io-index)" = "237546c689f20bb44980270c73c3b9edd0891c1be49cc1274406134a66d3957b"
"checksum serde 0.8.23 (registry+https://github.com/rust-lang/crates.io-index)" = "9dad3f759919b92c3068c696c15c3d17238234498bbdcc80f2c469606f948ac8"
"checksum siphasher 0.2.1 (registry+https://github.com/rust-lang/crates.io-index)" = "2ffc669b726f2bc9a3bcff66e5e23b56ba6bf70e22a34c3d7b6d0b3450b65b84"
"checksum svgparser 0.0.3 (registry+https://github.com/rust-lang/crates.io-index)" = "92c5bf58ff669368dd59c55559512061f4dcdd47d7402177d501908f011189f8"
"checksum winapi 0.2.8 (registry+https://github.com/rust-lang/crates.io-index)" = "167dc9d6949a9b857f3451275e911c3f44255842c1f7a76f33c55103a909087a"
"checksum winapi-build 0.1.1 (registry+https://github.com/rust-lang/crates.io-index)" = "2d315eee3b34aca4797b2da6b13ed88266e6d612562a0c46390af8299fc699bc"
