[root]
name = "monad"
version = "0.0.2"
dependencies = [
 "free 0.0.1 (registry+https://github.com/rust-lang/crates.io-index)",
 "monad_macros 0.0.1 (registry+https://github.com/rust-lang/crates.io-index)",
 "tailrec 0.0.4 (registry+https://github.com/rust-lang/crates.io-index)",
]

[[package]]
name = "free"
version = "0.0.1"
source = "registry+https://github.com/rust-lang/crates.io-index"
dependencies = [
 "free_macros 0.0.1 (registry+https://github.com/rust-lang/crates.io-index)",
]

[[package]]
name = "free_macros"
version = "0.0.1"
source = "registry+https://github.com/rust-lang/crates.io-index"

[[package]]
name = "monad_macros"
version = "0.0.1"
source = "registry+https://github.com/rust-lang/crates.io-index"

[[package]]
name = "tailrec"
version = "0.0.4"
source = "registry+https://github.com/rust-lang/crates.io-index"

[metadata]
"checksum free 0.0.1 (registry+https://github.com/rust-lang/crates.io-index)" = "db450030e118febe1d5409777e2fc81155900d9d05765ad3398ab0adcedd9011"
"checksum free_macros 0.0.1 (registry+https://github.com/rust-lang/crates.io-index)" = "19639110f5d145469a66b3b8cb6414abd41d137b6265f4c434f4275e60847080"
"checksum monad_macros 0.0.1 (registry+https://github.com/rust-lang/crates.io-index)" = "8c93dfe7c9812a700477d1cb6a02433f5a8a9d5d1ffeb2f73a0c59d7a897161e"
"checksum tailrec 0.0.4 (registry+https://github.com/rust-lang/crates.io-index)" = "f913cdda20e1d30bb7654ccbacb0b08b10ce6342a3654bdd0c5153a5bf80c307"
