[root]
name = "mut_static"
version = "4.0.0"
dependencies = [
 "error-chain 0.9.0 (registry+https://github.com/rust-lang/crates.io-index)",
]

[[package]]
name = "error-chain"
version = "0.9.0"
source = "registry+https://github.com/rust-lang/crates.io-index"

[metadata]
"checksum error-chain 0.9.0 (registry+https://github.com/rust-lang/crates.io-index)" = "e92ecf0a508c8e074c0e6fa8fe0fa38414848ad4dfc4db6f74c5e9753330b248"
