[root]
name = "namedarg_rustc_macro"
version = "0.1.1474613452"
dependencies = [
 "namedarg_hack 0.1.1474613452 (registry+https://github.com/rust-lang/crates.io-index)",
]

[[package]]
name = "namedarg_hack"
version = "0.1.1474613452"
source = "registry+https://github.com/rust-lang/crates.io-index"

[metadata]
"checksum namedarg_hack 0.1.1474613452 (registry+https://github.com/rust-lang/crates.io-index)" = "d1674ac0d23d0484455522fe82214350384fb72c7f7041603e8e4113cdc7345c"
