[root]
name = "ncollide"
version = "0.11.0"
dependencies = [
 "alga 0.5.1 (registry+https://github.com/rust-lang/crates.io-index)",
 "approx 0.1.1 (registry+https://github.com/rust-lang/crates.io-index)",
 "nalgebra 0.11.1 (registry+https://github.com/rust-lang/crates.io-index)",
 "ncollide_geometry 0.3.0 (registry+https://github.com/rust-lang/crates.io-index)",
 "ncollide_math 0.6.0 (registry+https://github.com/rust-lang/crates.io-index)",
 "ncollide_pipeline 0.10.0 (registry+https://github.com/rust-lang/crates.io-index)",
 "ncollide_procedural 0.6.0 (registry+https://github.com/rust-lang/crates.io-index)",
 "ncollide_transformation 0.6.0 (registry+https://github.com/rust-lang/crates.io-index)",
 "ncollide_utils 0.6.0 (registry+https://github.com/rust-lang/crates.io-index)",
 "rand 0.3.15 (registry+https://github.com/rust-lang/crates.io-index)",
]

[[package]]
name = "alga"
version = "0.5.1"
source = "registry+https://github.com/rust-lang/crates.io-index"
dependencies = [
 "approx 0.1.1 (registry+https://github.com/rust-lang/crates.io-index)",
 "num-complex 0.1.36 (registry+https://github.com/rust-lang/crates.io-index)",
 "num-traits 0.1.37 (registry+https://github.com/rust-lang/crates.io-index)",
]

[[package]]
name = "approx"
version = "0.1.1"
source = "registry+https://github.com/rust-lang/crates.io-index"

[[package]]
name = "generic-array"
version = "0.2.1"
source = "registry+https://github.com/rust-lang/crates.io-index"
dependencies = [
 "typenum 1.6.0 (registry+https://github.com/rust-lang/crates.io-index)",
]

[[package]]
name = "libc"
version = "0.2.21"
source = "registry+https://github.com/rust-lang/crates.io-index"

[[package]]
name = "nalgebra"
version = "0.11.1"
source = "registry+https://github.com/rust-lang/crates.io-index"
dependencies = [
 "alga 0.5.1 (registry+https://github.com/rust-lang/crates.io-index)",
 "approx 0.1.1 (registry+https://github.com/rust-lang/crates.io-index)",
 "generic-array 0.2.1 (registry+https://github.com/rust-lang/crates.io-index)",
 "num-complex 0.1.36 (registry+https://github.com/rust-lang/crates.io-index)",
 "num-traits 0.1.37 (registry+https://github.com/rust-lang/crates.io-index)",
 "rand 0.3.15 (registry+https://github.com/rust-lang/crates.io-index)",
 "typenum 1.6.0 (registry+https://github.com/rust-lang/crates.io-index)",
]

[[package]]
name = "ncollide_geometry"
version = "0.3.0"
source = "registry+https://github.com/rust-lang/crates.io-index"
dependencies = [
 "alga 0.5.1 (registry+https://github.com/rust-lang/crates.io-index)",
 "approx 0.1.1 (registry+https://github.com/rust-lang/crates.io-index)",
 "nalgebra 0.11.1 (registry+https://github.com/rust-lang/crates.io-index)",
 "ncollide_math 0.6.0 (registry+https://github.com/rust-lang/crates.io-index)",
 "ncollide_utils 0.6.0 (registry+https://github.com/rust-lang/crates.io-index)",
 "num-traits 0.1.37 (registry+https://github.com/rust-lang/crates.io-index)",
 "rustc-serialize 0.3.22 (registry+https://github.com/rust-lang/crates.io-index)",
]

[[package]]
name = "ncollide_math"
version = "0.6.0"
source = "registry+https://github.com/rust-lang/crates.io-index"
dependencies = [
 "alga 0.5.1 (registry+https://github.com/rust-lang/crates.io-index)",
 "approx 0.1.1 (registry+https://github.com/rust-lang/crates.io-index)",
 "nalgebra 0.11.1 (registry+https://github.com/rust-lang/crates.io-index)",
 "num-traits 0.1.37 (registry+https://github.com/rust-lang/crates.io-index)",
 "rand 0.3.15 (registry+https://github.com/rust-lang/crates.io-index)",
 "rustc-serialize 0.3.22 (registry+https://github.com/rust-lang/crates.io-index)",
]

[[package]]
name = "ncollide_pipeline"
version = "0.10.0"
source = "registry+https://github.com/rust-lang/crates.io-index"
dependencies = [
 "alga 0.5.1 (registry+https://github.com/rust-lang/crates.io-index)",
 "nalgebra 0.11.1 (registry+https://github.com/rust-lang/crates.io-index)",
 "ncollide_geometry 0.3.0 (registry+https://github.com/rust-lang/crates.io-index)",
 "ncollide_math 0.6.0 (registry+https://github.com/rust-lang/crates.io-index)",
 "ncollide_utils 0.6.0 (registry+https://github.com/rust-lang/crates.io-index)",
 "rustc-serialize 0.3.22 (registry+https://github.com/rust-lang/crates.io-index)",
]

[[package]]
name = "ncollide_procedural"
version = "0.6.0"
source = "registry+https://github.com/rust-lang/crates.io-index"
dependencies = [
 "alga 0.5.1 (registry+https://github.com/rust-lang/crates.io-index)",
 "nalgebra 0.11.1 (registry+https://github.com/rust-lang/crates.io-index)",
 "ncollide_math 0.6.0 (registry+https://github.com/rust-lang/crates.io-index)",
 "ncollide_utils 0.6.0 (registry+https://github.com/rust-lang/crates.io-index)",
 "num-traits 0.1.37 (registry+https://github.com/rust-lang/crates.io-index)",
 "rustc-serialize 0.3.22 (registry+https://github.com/rust-lang/crates.io-index)",
]

[[package]]
name = "ncollide_transformation"
version = "0.6.0"
source = "registry+https://github.com/rust-lang/crates.io-index"
dependencies = [
 "alga 0.5.1 (registry+https://github.com/rust-lang/crates.io-index)",
 "approx 0.1.1 (registry+https://github.com/rust-lang/crates.io-index)",
 "nalgebra 0.11.1 (registry+https://github.com/rust-lang/crates.io-index)",
 "ncollide_geometry 0.3.0 (registry+https://github.com/rust-lang/crates.io-index)",
 "ncollide_math 0.6.0 (registry+https://github.com/rust-lang/crates.io-index)",
 "ncollide_procedural 0.6.0 (registry+https://github.com/rust-lang/crates.io-index)",
 "ncollide_utils 0.6.0 (registry+https://github.com/rust-lang/crates.io-index)",
 "num-traits 0.1.37 (registry+https://github.com/rust-lang/crates.io-index)",
 "rustc-serialize 0.3.22 (registry+https://github.com/rust-lang/crates.io-index)",
]

[[package]]
name = "ncollide_utils"
version = "0.6.0"
source = "registry+https://github.com/rust-lang/crates.io-index"
dependencies = [
 "alga 0.5.1 (registry+https://github.com/rust-lang/crates.io-index)",
 "approx 0.1.1 (registry+https://github.com/rust-lang/crates.io-index)",
 "nalgebra 0.11.1 (registry+https://github.com/rust-lang/crates.io-index)",
 "ncollide_math 0.6.0 (registry+https://github.com/rust-lang/crates.io-index)",
 "num-traits 0.1.37 (registry+https://github.com/rust-lang/crates.io-index)",
 "rand 0.3.15 (registry+https://github.com/rust-lang/crates.io-index)",
 "rustc-serialize 0.3.22 (registry+https://github.com/rust-lang/crates.io-index)",
]

[[package]]
name = "num-complex"
version = "0.1.36"
source = "registry+https://github.com/rust-lang/crates.io-index"
dependencies = [
 "num-traits 0.1.37 (registry+https://github.com/rust-lang/crates.io-index)",
 "rustc-serialize 0.3.22 (registry+https://github.com/rust-lang/crates.io-index)",
]

[[package]]
name = "num-traits"
version = "0.1.37"
source = "registry+https://github.com/rust-lang/crates.io-index"

[[package]]
name = "rand"
version = "0.3.15"
source = "registry+https://github.com/rust-lang/crates.io-index"
dependencies = [
 "libc 0.2.21 (registry+https://github.com/rust-lang/crates.io-index)",
]

[[package]]
name = "rustc-serialize"
version = "0.3.22"
source = "registry+https://github.com/rust-lang/crates.io-index"

[[package]]
name = "typenum"
version = "1.6.0"
source = "registry+https://github.com/rust-lang/crates.io-index"

[metadata]
"checksum alga 0.5.1 (registry+https://github.com/rust-lang/crates.io-index)" = "ac1e4aec8a55e9150c6941e3c1059272b8e607c0503f9b61ca12289e56efb87b"
"checksum approx 0.1.1 (registry+https://github.com/rust-lang/crates.io-index)" = "08abcc3b4e9339e33a3d0a5ed15d84a687350c05689d825e0f6655eef9e76a94"
"checksum generic-array 0.2.1 (registry+https://github.com/rust-lang/crates.io-index)" = "3406a3975bc944fdd85b7964d53296a0ff11f4b6c4704fa4972c9a7c8ba27367"
"checksum libc 0.2.21 (registry+https://github.com/rust-lang/crates.io-index)" = "88ee81885f9f04bff991e306fea7c1c60a5f0f9e409e99f6b40e3311a3363135"
"checksum nalgebra 0.11.1 (registry+https://github.com/rust-lang/crates.io-index)" = "251fbe561bebc590f8b4eff670f235bcaef905cbd71301dde3855283a572e2ff"
"checksum ncollide_geometry 0.3.0 (registry+https://github.com/rust-lang/crates.io-index)" = "9770eec1e4fde40f72d6899685f491fc47a6d436e427cab1233841be89512f04"
"checksum ncollide_math 0.6.0 (registry+https://github.com/rust-lang/crates.io-index)" = "85ddfe8f3f3e6e511c71a154fc8e546a892b38841ffed3f00b7b8cf8f6211301"
"checksum ncollide_pipeline 0.10.0 (registry+https://github.com/rust-lang/crates.io-index)" = "3e76444a085c87bd6ea930e75586abf771870478265b5e0029c42603c7155ae8"
"checksum ncollide_procedural 0.6.0 (registry+https://github.com/rust-lang/crates.io-index)" = "870cdf10cd3e23419a1a4b26d59aa47019ee933048fd921a35e38ae6f1458e4a"
"checksum ncollide_transformation 0.6.0 (registry+https://github.com/rust-lang/crates.io-index)" = "94702c2234664d2e791db33434ebf86871b2fb6d3b32f85148fe69a9344c8d14"
"checksum ncollide_utils 0.6.0 (registry+https://github.com/rust-lang/crates.io-index)" = "97a92d39f89be3cae42020959af582d8041b3e7acbede6848f49e0fdb1a59a44"
"checksum num-complex 0.1.36 (registry+https://github.com/rust-lang/crates.io-index)" = "3534898d8a1f6b16c12f9fc2f4eaabc7ecdcc55f267213caa8988fdc7d60ff94"
"checksum num-traits 0.1.37 (registry+https://github.com/rust-lang/crates.io-index)" = "e1cbfa3781f3fe73dc05321bed52a06d2d491eaa764c52335cf4399f046ece99"
"checksum rand 0.3.15 (registry+https://github.com/rust-lang/crates.io-index)" = "022e0636ec2519ddae48154b028864bdce4eaf7d35226ab8e65c611be97b189d"
"checksum rustc-serialize 0.3.22 (registry+https://github.com/rust-lang/crates.io-index)" = "237546c689f20bb44980270c73c3b9edd0891c1be49cc1274406134a66d3957b"
"checksum typenum 1.6.0 (registry+https://github.com/rust-lang/crates.io-index)" = "67487cf4cca391384ecd9f42d786ea8334ca476b7030252e5175909c84bba9e2"
