[root]
name = "notify_send"
version = "0.0.5"
dependencies = [
 "dbus 0.0.9 (registry+https://github.com/rust-lang/crates.io-index)",
]

[[package]]
name = "dbus"
version = "0.0.9"
source = "registry+https://github.com/rust-lang/crates.io-index"
dependencies = [
 "libc 0.2.21 (registry+https://github.com/rust-lang/crates.io-index)",
]

[[package]]
name = "libc"
version = "0.2.21"
source = "registry+https://github.com/rust-lang/crates.io-index"

[metadata]
"checksum dbus 0.0.9 (registry+https://github.com/rust-lang/crates.io-index)" = "381213699f2ca0e6c9332c55e4bae79703ccd5b3087786a3f265762be98ed105"
"checksum libc 0.2.21 (registry+https://github.com/rust-lang/crates.io-index)" = "88ee81885f9f04bff991e306fea7c1c60a5f0f9e409e99f6b40e3311a3363135"
