[root]
name = "resize-slice"
version = "0.1.2"
dependencies = [
 "smallvec 0.1.8 (registry+https://github.com/rust-lang/crates.io-index)",
 "uninitialized 0.0.2 (registry+https://github.com/rust-lang/crates.io-index)",
]

[[package]]
name = "smallvec"
version = "0.1.8"
source = "registry+https://github.com/rust-lang/crates.io-index"

[[package]]
name = "uninitialized"
version = "0.0.2"
source = "registry+https://github.com/rust-lang/crates.io-index"

[metadata]
"checksum smallvec 0.1.8 (registry+https://github.com/rust-lang/crates.io-index)" = "fcc8d19212aacecf95e4a7a2179b26f7aeb9732a915cf01f05b0d3e044865410"
"checksum uninitialized 0.0.2 (registry+https://github.com/rust-lang/crates.io-index)" = "74c1aa4511c38276c548406f0b1f5f8b793f000cfb51e18f278a102abd057e81"
