[root]
name = "rum"
version = "0.0.1"
dependencies = [
 "rustc-serialize 0.2.15 (registry+https://github.com/rust-lang/crates.io-index)",
]

[[package]]
name = "rustc-serialize"
version = "0.2.15"
source = "registry+https://github.com/rust-lang/crates.io-index"

[metadata]
"checksum rustc-serialize 0.2.15 (registry+https://github.com/rust-lang/crates.io-index)" = "8a269f9f571bc16a204260233118229ca2ff684545a78bb66c86c49e01b0fbd1"
