[root]
name = "systemd-dbus"
version = "0.0.1"
dependencies = [
 "dbus-rs 0.0.4 (registry+https://github.com/rust-lang/crates.io-index)",
 "rustc-serialize 0.2.15 (registry+https://github.com/rust-lang/crates.io-index)",
]

[[package]]
name = "dbus-rs"
version = "0.0.4"
source = "registry+https://github.com/rust-lang/crates.io-index"

[[package]]
name = "rustc-serialize"
version = "0.2.15"
source = "registry+https://github.com/rust-lang/crates.io-index"

[metadata]
"checksum dbus-rs 0.0.4 (registry+https://github.com/rust-lang/crates.io-index)" = "3e72301d020449531ccea84256379cbf476de8b7b387fe5ded716fe46215a873"
"checksum rustc-serialize 0.2.15 (registry+https://github.com/rust-lang/crates.io-index)" = "8a269f9f571bc16a204260233118229ca2ff684545a78bb66c86c49e01b0fbd1"
