[root]
name = "alloc-chibios"
version = "0.1.0"
dependencies = [
 "chibios 0.1.0 (registry+https://github.com/rust-lang/crates.io-index)",
]

[[package]]
name = "chibios"
version = "0.1.0"
source = "registry+https://github.com/rust-lang/crates.io-index"

[metadata]
"checksum chibios 0.1.0 (registry+https://github.com/rust-lang/crates.io-index)" = "57d960ed4c8d7a62a3b0388501b85ecd4615ca87fe3e6ab1dbb08675f8444f7e"
