[root]
name = "duktape"
version = "0.0.2"
dependencies = [
 "abort_on_panic 1.0.0 (registry+https://github.com/rust-lang/crates.io-index)",
 "cesu8 1.1.0 (registry+https://github.com/rust-lang/crates.io-index)",
 "duktape_sys 0.0.2 (registry+https://github.com/rust-lang/crates.io-index)",
 "rustc-serialize 0.3.22 (registry+https://github.com/rust-lang/crates.io-index)",
]

[[package]]
name = "abort_on_panic"
version = "1.0.0"
source = "registry+https://github.com/rust-lang/crates.io-index"

[[package]]
name = "cesu8"
version = "1.1.0"
source = "registry+https://github.com/rust-lang/crates.io-index"

[[package]]
name = "duktape_sys"
version = "0.0.2"
source = "registry+https://github.com/rust-lang/crates.io-index"
dependencies = [
 "gcc 0.3.42 (registry+https://github.com/rust-lang/crates.io-index)",
]

[[package]]
name = "gcc"
version = "0.3.42"
source = "registry+https://github.com/rust-lang/crates.io-index"

[[package]]
name = "rustc-serialize"
version = "0.3.22"
source = "registry+https://github.com/rust-lang/crates.io-index"

[metadata]
"checksum abort_on_panic 1.0.0 (registry+https://github.com/rust-lang/crates.io-index)" = "9fa948f9ec9f095cc955efbe4fd00ac5774ef933cc2442562a8fe5a57c4ef919"
"checksum cesu8 1.1.0 (registry+https://github.com/rust-lang/crates.io-index)" = "6d43a04d8753f35258c91f8ec639f792891f748a1edbd759cf1dcea3382ad83c"
"checksum duktape_sys 0.0.2 (registry+https://github.com/rust-lang/crates.io-index)" = "d4dd9da659637384f44eed67b9cbef0c322bcf37f032018c8a61419b4b3e573a"
"checksum gcc 0.3.42 (registry+https://github.com/rust-lang/crates.io-index)" = "291055c78f59ca3d84c99026c9501c469413d386bb46be1e1cf1d285cd1db3b0"
"checksum rustc-serialize 0.3.22 (registry+https://github.com/rust-lang/crates.io-index)" = "237546c689f20bb44980270c73c3b9edd0891c1be49cc1274406134a66d3957b"
