[root]
name = "flowers"
version = "0.0.4"
dependencies = [
 "getopts 0.1.4 (registry+https://github.com/rust-lang/crates.io-index)",
]

[[package]]
name = "getopts"
version = "0.1.4"
source = "registry+https://github.com/rust-lang/crates.io-index"

[metadata]
"checksum getopts 0.1.4 (registry+https://github.com/rust-lang/crates.io-index)" = "eafe2b94fc77fffe6f7370a595afc889810368ba1675060d4389ea42f0c8cdb3"
