[root]
name = "glsl-optimizer-sys"
version = "0.1.0"
dependencies = [
 "cmake 0.1.20 (registry+https://github.com/rust-lang/crates.io-index)",
 "libc 0.2.20 (registry+https://github.com/rust-lang/crates.io-index)",
]

[[package]]
name = "cmake"
version = "0.1.20"
source = "registry+https://github.com/rust-lang/crates.io-index"
dependencies = [
 "gcc 0.3.42 (registry+https://github.com/rust-lang/crates.io-index)",
]

[[package]]
name = "gcc"
version = "0.3.42"
source = "registry+https://github.com/rust-lang/crates.io-index"

[[package]]
name = "libc"
version = "0.2.20"
source = "registry+https://github.com/rust-lang/crates.io-index"

[metadata]
"checksum cmake 0.1.20 (registry+https://github.com/rust-lang/crates.io-index)" = "a3a6805df695087e7c1bcd9a82e03ad6fb864c8e67ac41b1348229ce5b7f0407"
"checksum gcc 0.3.42 (registry+https://github.com/rust-lang/crates.io-index)" = "291055c78f59ca3d84c99026c9501c469413d386bb46be1e1cf1d285cd1db3b0"
"checksum libc 0.2.20 (registry+https://github.com/rust-lang/crates.io-index)" = "684f330624d8c3784fb9558ca46c4ce488073a8d22450415c5eb4f4cfb0d11b5"
