[root]
name = "guile"
version = "0.0.2"
dependencies = [
 "guile-sys 0.1.1 (registry+https://github.com/rust-lang/crates.io-index)",
 "libc 0.2.20 (registry+https://github.com/rust-lang/crates.io-index)",
]

[[package]]
name = "guile-sys"
version = "0.1.1"
source = "registry+https://github.com/rust-lang/crates.io-index"
dependencies = [
 "libc 0.2.20 (registry+https://github.com/rust-lang/crates.io-index)",
]

[[package]]
name = "libc"
version = "0.2.20"
source = "registry+https://github.com/rust-lang/crates.io-index"

[metadata]
"checksum guile-sys 0.1.1 (registry+https://github.com/rust-lang/crates.io-index)" = "bb3f09382b58d8612df0e0712c9ecb331cbd6a05e9f6b436c38c70829f01dce7"
"checksum libc 0.2.20 (registry+https://github.com/rust-lang/crates.io-index)" = "684f330624d8c3784fb9558ca46c4ce488073a8d22450415c5eb4f4cfb0d11b5"
