[root]
name = "humanize"
version = "0.0.1"
dependencies = [
 "language-tags 0.2.2 (registry+https://github.com/rust-lang/crates.io-index)",
]

[[package]]
name = "language-tags"
version = "0.2.2"
source = "registry+https://github.com/rust-lang/crates.io-index"

[metadata]
"checksum language-tags 0.2.2 (registry+https://github.com/rust-lang/crates.io-index)" = "a91d884b6667cd606bb5a69aa0c99ba811a115fc68915e7056ec08a46e93199a"
