[root]
name = "opentype"
version = "0.13.0"
dependencies = [
 "postscript 0.7.3 (registry+https://github.com/rust-lang/crates.io-index)",
 "truetype 0.10.4 (registry+https://github.com/rust-lang/crates.io-index)",
]

[[package]]
name = "postscript"
version = "0.7.3"
source = "registry+https://github.com/rust-lang/crates.io-index"

[[package]]
name = "truetype"
version = "0.10.4"
source = "registry+https://github.com/rust-lang/crates.io-index"

[metadata]
"checksum postscript 0.7.3 (registry+https://github.com/rust-lang/crates.io-index)" = "9c0fce735de055202be3b2070677218b242d07577c507326bf7a74588420e7e5"
"checksum truetype 0.10.4 (registry+https://github.com/rust-lang/crates.io-index)" = "3cda5a6710a7fa5a55c917f8926a631095ad4234df36064e9836935a98218a6e"
