[root]
name = "ratelimit"
version = "0.3.1"
dependencies = [
 "shuteye 0.2.0 (registry+https://github.com/rust-lang/crates.io-index)",
]

[[package]]
name = "shuteye"
version = "0.2.0"
source = "registry+https://github.com/rust-lang/crates.io-index"

[metadata]
"checksum shuteye 0.2.0 (registry+https://github.com/rust-lang/crates.io-index)" = "2fae018891baadd06ff0281ff137ccd1641044d9bb9498b1138ffecf28f30172"
