[root]
name = "special"
version = "0.7.3"
dependencies = [
 "assert 0.7.2 (registry+https://github.com/rust-lang/crates.io-index)",
 "libc 0.2.20 (registry+https://github.com/rust-lang/crates.io-index)",
 "random 0.12.2 (registry+https://github.com/rust-lang/crates.io-index)",
]

[[package]]
name = "assert"
version = "0.7.2"
source = "registry+https://github.com/rust-lang/crates.io-index"

[[package]]
name = "libc"
version = "0.2.20"
source = "registry+https://github.com/rust-lang/crates.io-index"

[[package]]
name = "random"
version = "0.12.2"
source = "registry+https://github.com/rust-lang/crates.io-index"

[metadata]
"checksum assert 0.7.2 (registry+https://github.com/rust-lang/crates.io-index)" = "d4faf9a55d5822fa56822911ccf066d060b4a4d029223947b261477c56c3f3ed"
"checksum libc 0.2.20 (registry+https://github.com/rust-lang/crates.io-index)" = "684f330624d8c3784fb9558ca46c4ce488073a8d22450415c5eb4f4cfb0d11b5"
"checksum random 0.12.2 (registry+https://github.com/rust-lang/crates.io-index)" = "97d13a3485349981c90c79112a11222c3e6e75de1d52b87a7525b3bf5361420f"
