[root]
name = "type-level-logic"
version = "0.1.0"
dependencies = [
 "type-operators 0.3.4 (registry+https://github.com/rust-lang/crates.io-index)",
]

[[package]]
name = "type-operators"
version = "0.3.4"
source = "registry+https://github.com/rust-lang/crates.io-index"

[metadata]
"checksum type-operators 0.3.4 (registry+https://github.com/rust-lang/crates.io-index)" = "913c7144a4700cd35fa095bf512a57ff9b53c777ee0520e07c306e16859c70d7"
