[root]
name = "veb-rs"
version = "0.1.1"
dependencies = [
 "clippy 0.0.21 (registry+https://github.com/rust-lang/crates.io-index)",
]

[[package]]
name = "clippy"
version = "0.0.21"
source = "registry+https://github.com/rust-lang/crates.io-index"
dependencies = [
 "unicode-normalization 0.1.3 (registry+https://github.com/rust-lang/crates.io-index)",
]

[[package]]
name = "unicode-normalization"
version = "0.1.3"
source = "registry+https://github.com/rust-lang/crates.io-index"

[metadata]
"checksum clippy 0.0.21 (registry+https://github.com/rust-lang/crates.io-index)" = "9205efde4b7ab634e43494448bb5dc4b485a0b0b865b16f7ad17fafa59e21e73"
"checksum unicode-normalization 0.1.3 (registry+https://github.com/rust-lang/crates.io-index)" = "5e94e9f6961090fcc75180629c4ef33e5310d6ed2c0dd173f4ca63c9043b669e"
