[root]
name = "cql-ffi-safe"
version = "0.0.7"
dependencies = [
 "cql_ffi 0.1.19 (registry+https://github.com/rust-lang/crates.io-index)",
 "uuid 0.3.1 (registry+https://github.com/rust-lang/crates.io-index)",
]

[[package]]
name = "cql_bindgen"
version = "0.0.7"
source = "registry+https://github.com/rust-lang/crates.io-index"

[[package]]
name = "cql_ffi"
version = "0.1.19"
source = "registry+https://github.com/rust-lang/crates.io-index"
dependencies = [
 "cql_bindgen 0.0.7 (registry+https://github.com/rust-lang/crates.io-index)",
]

[[package]]
name = "uuid"
version = "0.3.1"
source = "registry+https://github.com/rust-lang/crates.io-index"

[metadata]
"checksum cql_bindgen 0.0.7 (registry+https://github.com/rust-lang/crates.io-index)" = "cae35c0bf8e54aa600aec03544fb988c36c656f163da9fd18a24f56247851703"
"checksum cql_ffi 0.1.19 (registry+https://github.com/rust-lang/crates.io-index)" = "78006337de61a0daa4cbda55565db360e7e638701affa80441d24e448e21c28c"
"checksum uuid 0.3.1 (registry+https://github.com/rust-lang/crates.io-index)" = "1a9ff57156caf7e22f37baf3c9d8f6ce8194842c23419dafcb0716024514d162"
