[root]
name = "ecs"
version = "0.23.1"
dependencies = [
 "cereal 0.3.1 (registry+https://github.com/rust-lang/crates.io-index)",
 "vec_map 0.4.0 (registry+https://github.com/rust-lang/crates.io-index)",
]

[[package]]
name = "cereal"
version = "0.3.1"
source = "registry+https://github.com/rust-lang/crates.io-index"

[[package]]
name = "vec_map"
version = "0.4.0"
source = "registry+https://github.com/rust-lang/crates.io-index"

[metadata]
"checksum cereal 0.3.1 (registry+https://github.com/rust-lang/crates.io-index)" = "25a858393b1251eece3230f45724fde86a4ec59991900f30498998acaf2aad9a"
"checksum vec_map 0.4.0 (registry+https://github.com/rust-lang/crates.io-index)" = "1805118a0d7c72d427e9d9c8134b549ec9e88942c707b100deef357ec0948f02"
