[root]
name = "gfx_device_dx11"
version = "0.5.0"
dependencies = [
 "d3d11-sys 0.2.0 (registry+https://github.com/rust-lang/crates.io-index)",
 "d3dcompiler-sys 0.2.0 (registry+https://github.com/rust-lang/crates.io-index)",
 "dxguid-sys 0.2.0 (registry+https://github.com/rust-lang/crates.io-index)",
 "gfx_core 0.6.0 (registry+https://github.com/rust-lang/crates.io-index)",
 "log 0.3.6 (registry+https://github.com/rust-lang/crates.io-index)",
 "winapi 0.2.8 (registry+https://github.com/rust-lang/crates.io-index)",
]

[[package]]
name = "bitflags"
version = "0.6.0"
source = "registry+https://github.com/rust-lang/crates.io-index"

[[package]]
name = "bitflags"
version = "0.7.0"
source = "registry+https://github.com/rust-lang/crates.io-index"

[[package]]
name = "d3d11-sys"
version = "0.2.0"
source = "registry+https://github.com/rust-lang/crates.io-index"
dependencies = [
 "winapi 0.2.8 (registry+https://github.com/rust-lang/crates.io-index)",
 "winapi-build 0.1.1 (registry+https://github.com/rust-lang/crates.io-index)",
]

[[package]]
name = "d3dcompiler-sys"
version = "0.2.0"
source = "registry+https://github.com/rust-lang/crates.io-index"
dependencies = [
 "winapi 0.2.8 (registry+https://github.com/rust-lang/crates.io-index)",
 "winapi-build 0.1.1 (registry+https://github.com/rust-lang/crates.io-index)",
]

[[package]]
name = "draw_state"
version = "0.6.0"
source = "registry+https://github.com/rust-lang/crates.io-index"
dependencies = [
 "bitflags 0.6.0 (registry+https://github.com/rust-lang/crates.io-index)",
]

[[package]]
name = "dxguid-sys"
version = "0.2.0"
source = "registry+https://github.com/rust-lang/crates.io-index"
dependencies = [
 "winapi 0.2.8 (registry+https://github.com/rust-lang/crates.io-index)",
]

[[package]]
name = "gfx_core"
version = "0.6.0"
source = "registry+https://github.com/rust-lang/crates.io-index"
dependencies = [
 "bitflags 0.7.0 (registry+https://github.com/rust-lang/crates.io-index)",
 "draw_state 0.6.0 (registry+https://github.com/rust-lang/crates.io-index)",
 "log 0.3.6 (registry+https://github.com/rust-lang/crates.io-index)",
]

[[package]]
name = "log"
version = "0.3.6"
source = "registry+https://github.com/rust-lang/crates.io-index"

[[package]]
name = "winapi"
version = "0.2.8"
source = "registry+https://github.com/rust-lang/crates.io-index"

[[package]]
name = "winapi-build"
version = "0.1.1"
source = "registry+https://github.com/rust-lang/crates.io-index"

[metadata]
"checksum bitflags 0.6.0 (registry+https://github.com/rust-lang/crates.io-index)" = "72cd7314bd4ee024071241147222c706e80385a1605ac7d4cd2fcc339da2ae46"
"checksum bitflags 0.7.0 (registry+https://github.com/rust-lang/crates.io-index)" = "aad18937a628ec6abcd26d1489012cc0e18c21798210f491af69ded9b881106d"
"checksum d3d11-sys 0.2.0 (registry+https://github.com/rust-lang/crates.io-index)" = "f66ff729d9d873e3799371bc6edcb8e68fcd07542a97fe31c90b5bd1ca2a8a02"
"checksum d3dcompiler-sys 0.2.0 (registry+https://github.com/rust-lang/crates.io-index)" = "0009478430d1b45d03f0a216446acddea493c5bbc1a9a1b0170e14df14ce2ca4"
"checksum draw_state 0.6.0 (registry+https://github.com/rust-lang/crates.io-index)" = "1596fcda8b7c1ec84f68d5d09dad7ad01266a1793214d257deb1f6f7d98e8185"
"checksum dxguid-sys 0.2.0 (registry+https://github.com/rust-lang/crates.io-index)" = "67fd263c40ac7b425740bb196b6e9f56211d01c8d49235065ba36ab60c34aa1f"
"checksum gfx_core 0.6.0 (registry+https://github.com/rust-lang/crates.io-index)" = "26e377413fef1fe06baba45a72d4dedc146bf68dc98caac0de914589ac6d8d69"
"checksum log 0.3.6 (registry+https://github.com/rust-lang/crates.io-index)" = "ab83497bf8bf4ed2a74259c1c802351fcd67a65baa86394b6ba73c36f4838054"
"checksum winapi 0.2.8 (registry+https://github.com/rust-lang/crates.io-index)" = "167dc9d6949a9b857f3451275e911c3f44255842c1f7a76f33c55103a909087a"
"checksum winapi-build 0.1.1 (registry+https://github.com/rust-lang/crates.io-index)" = "2d315eee3b34aca4797b2da6b13ed88266e6d612562a0c46390af8299fc699bc"
