[root]
name = "gif-dispose"
version = "1.0.0"
dependencies = [
 "gif 0.9.0 (registry+https://github.com/rust-lang/crates.io-index)",
 "rgb 0.5.3 (registry+https://github.com/rust-lang/crates.io-index)",
]

[[package]]
name = "color_quant"
version = "1.0.0"
source = "registry+https://github.com/rust-lang/crates.io-index"

[[package]]
name = "gif"
version = "0.9.0"
source = "registry+https://github.com/rust-lang/crates.io-index"
dependencies = [
 "color_quant 1.0.0 (registry+https://github.com/rust-lang/crates.io-index)",
 "lzw 0.10.0 (registry+https://github.com/rust-lang/crates.io-index)",
]

[[package]]
name = "lzw"
version = "0.10.0"
source = "registry+https://github.com/rust-lang/crates.io-index"

[[package]]
name = "rgb"
version = "0.5.3"
source = "registry+https://github.com/rust-lang/crates.io-index"

[metadata]
"checksum color_quant 1.0.0 (registry+https://github.com/rust-lang/crates.io-index)" = "a475fc4af42d83d28adf72968d9bcfaf035a1a9381642d8e85d8a04957767b0d"
"checksum gif 0.9.0 (registry+https://github.com/rust-lang/crates.io-index)" = "01c7c19a035de94bd7afbaa62c241aadfbdf1a70f560b348d2312eafa566ca16"
"checksum lzw 0.10.0 (registry+https://github.com/rust-lang/crates.io-index)" = "7d947cbb889ed21c2a84be6ffbaebf5b4e0f4340638cba0444907e38b56be084"
"checksum rgb 0.5.3 (registry+https://github.com/rust-lang/crates.io-index)" = "18dcd46081da005cab6352bccbd6b9c369fb29793d6bd0e53e57c17acc853b11"
