[root]
name = "gluster-xdr"
version = "0.1.0"
dependencies = [
 "xdr-codec 0.2.5 (registry+https://github.com/rust-lang/crates.io-index)",
]

[[package]]
name = "byteorder"
version = "0.5.3"
source = "registry+https://github.com/rust-lang/crates.io-index"

[[package]]
name = "xdr-codec"
version = "0.2.5"
source = "registry+https://github.com/rust-lang/crates.io-index"
dependencies = [
 "byteorder 0.5.3 (registry+https://github.com/rust-lang/crates.io-index)",
]

[metadata]
"checksum byteorder 0.5.3 (registry+https://github.com/rust-lang/crates.io-index)" = "0fc10e8cc6b2580fda3f36eb6dc5316657f812a3df879a44a66fc9f0fdbc4855"
"checksum xdr-codec 0.2.5 (registry+https://github.com/rust-lang/crates.io-index)" = "9ba9aca575ce566038ec22a02d0e1b30dc79c6a821b6e1561af14a3aec36c82c"
