[root]
name = "item"
version = "0.3.2"
dependencies = [
 "nom 1.2.4 (registry+https://github.com/rust-lang/crates.io-index)",
 "quote 0.1.4 (registry+https://github.com/rust-lang/crates.io-index)",
]

[[package]]
name = "nom"
version = "1.2.4"
source = "registry+https://github.com/rust-lang/crates.io-index"

[[package]]
name = "quote"
version = "0.1.4"
source = "registry+https://github.com/rust-lang/crates.io-index"

[metadata]
"checksum nom 1.2.4 (registry+https://github.com/rust-lang/crates.io-index)" = "a5b8c256fd9471521bcb84c3cdba98921497f1a331cbc15b8030fc63b82050ce"
"checksum quote 0.1.4 (registry+https://github.com/rust-lang/crates.io-index)" = "b0f1847d90ff21d41b08f7f9f8e82dff613c3e2c5ebc9f8a10aeee1a0c4d7d17"
