[root]
name = "jack-client"
version = "0.1.2"
dependencies = [
 "jack-sys 0.1.4 (registry+https://github.com/rust-lang/crates.io-index)",
 "libc 0.2.20 (registry+https://github.com/rust-lang/crates.io-index)",
]

[[package]]
name = "jack-sys"
version = "0.1.4"
source = "registry+https://github.com/rust-lang/crates.io-index"
dependencies = [
 "libc 0.2.20 (registry+https://github.com/rust-lang/crates.io-index)",
]

[[package]]
name = "libc"
version = "0.2.20"
source = "registry+https://github.com/rust-lang/crates.io-index"

[metadata]
"checksum jack-sys 0.1.4 (registry+https://github.com/rust-lang/crates.io-index)" = "ab378485c0fa5dbd219dcaca940c0e0e98d354ba0965af12eb988c255724d087"
"checksum libc 0.2.20 (registry+https://github.com/rust-lang/crates.io-index)" = "684f330624d8c3784fb9558ca46c4ce488073a8d22450415c5eb4f4cfb0d11b5"
