[root]
name = "mayda_codec"
version = "0.1.3"
dependencies = [
 "mayda_macros 0.1.3 (registry+https://github.com/rust-lang/crates.io-index)",
 "simd 0.1.1 (registry+https://github.com/rust-lang/crates.io-index)",
]

[[package]]
name = "mayda_macros"
version = "0.1.3"
source = "registry+https://github.com/rust-lang/crates.io-index"

[[package]]
name = "simd"
version = "0.1.1"
source = "registry+https://github.com/rust-lang/crates.io-index"

[metadata]
"checksum mayda_macros 0.1.3 (registry+https://github.com/rust-lang/crates.io-index)" = "49970462f09c8796f89900b9f33dcd91015e9afb44f097b58df83142518a5fa1"
"checksum simd 0.1.1 (registry+https://github.com/rust-lang/crates.io-index)" = "63b5847c2d766ca7ce7227672850955802fabd779ba616aeabead4c2c3877023"
