[root]
name = "phloem"
version = "0.2.4"
dependencies = [
 "clippy 0.0.23 (registry+https://github.com/rust-lang/crates.io-index)",
]

[[package]]
name = "clippy"
version = "0.0.23"
source = "registry+https://github.com/rust-lang/crates.io-index"
dependencies = [
 "unicode-normalization 0.1.3 (registry+https://github.com/rust-lang/crates.io-index)",
]

[[package]]
name = "unicode-normalization"
version = "0.1.3"
source = "registry+https://github.com/rust-lang/crates.io-index"

[metadata]
"checksum clippy 0.0.23 (registry+https://github.com/rust-lang/crates.io-index)" = "1ce8290038a10a7ff94a4eeb7868d32a32184ee0f47c0f602ea93f193c546a8b"
"checksum unicode-normalization 0.1.3 (registry+https://github.com/rust-lang/crates.io-index)" = "5e94e9f6961090fcc75180629c4ef33e5310d6ed2c0dd173f4ca63c9043b669e"
