[root]
name = "piston3d-cam"
version = "0.2.0"
dependencies = [
 "quaternion 0.2.1 (registry+https://github.com/rust-lang/crates.io-index)",
 "vecmath 0.2.0 (registry+https://github.com/rust-lang/crates.io-index)",
]

[[package]]
name = "piston-float"
version = "0.2.0"
source = "registry+https://github.com/rust-lang/crates.io-index"

[[package]]
name = "quaternion"
version = "0.2.1"
source = "registry+https://github.com/rust-lang/crates.io-index"
dependencies = [
 "vecmath 0.2.0 (registry+https://github.com/rust-lang/crates.io-index)",
]

[[package]]
name = "vecmath"
version = "0.2.0"
source = "registry+https://github.com/rust-lang/crates.io-index"
dependencies = [
 "piston-float 0.2.0 (registry+https://github.com/rust-lang/crates.io-index)",
]

[metadata]
"checksum piston-float 0.2.0 (registry+https://github.com/rust-lang/crates.io-index)" = "191472f1cf8b069c13ca018975e21e3082fc8ad4beeeda716c51fdc6b964c3d1"
"checksum quaternion 0.2.1 (registry+https://github.com/rust-lang/crates.io-index)" = "cf6cafc5110b85d58fa84b4997e53b6d2ba25badbc618e867ea91136fd29be4c"
"checksum vecmath 0.2.0 (registry+https://github.com/rust-lang/crates.io-index)" = "91b28177904486404916c2aee33e61ee60445d246ff047fb4196461a3f372ff8"
