[root]
name = "rose_tree"
version = "0.1.2"
dependencies = [
 "petgraph 0.1.18 (registry+https://github.com/rust-lang/crates.io-index)",
]

[[package]]
name = "fixedbitset"
version = "0.1.5"
source = "registry+https://github.com/rust-lang/crates.io-index"

[[package]]
name = "petgraph"
version = "0.1.18"
source = "registry+https://github.com/rust-lang/crates.io-index"
dependencies = [
 "fixedbitset 0.1.5 (registry+https://github.com/rust-lang/crates.io-index)",
]

[metadata]
"checksum fixedbitset 0.1.5 (registry+https://github.com/rust-lang/crates.io-index)" = "88c3c33fc4c00db33f5174eb98aea809c4c007db0b71351d810a7e094ea3b64d"
"checksum petgraph 0.1.18 (registry+https://github.com/rust-lang/crates.io-index)" = "bfd1de18b0a5f1777162e5b61aaf498032467d5409ab4ca6dbd03049f5708de1"
