[root]
name = "rula"
version = "0.0.1"
dependencies = [
 "strsim 0.1.1 (registry+https://github.com/rust-lang/crates.io-index)",
]

[[package]]
name = "strsim"
version = "0.1.1"
source = "registry+https://github.com/rust-lang/crates.io-index"

[metadata]
"checksum strsim 0.1.1 (registry+https://github.com/rust-lang/crates.io-index)" = "c142f5f0a0ef1fff8b7ca99e5e59c90964db63a58c84bccb43d4941b715f7b95"
