[root]
name = "serde-transcode"
version = "0.2.1"
dependencies = [
 "serde 0.9.4 (registry+https://github.com/rust-lang/crates.io-index)",
 "serde_json 0.9.3 (registry+https://github.com/rust-lang/crates.io-index)",
]

[[package]]
name = "dtoa"
version = "0.4.0"
source = "registry+https://github.com/rust-lang/crates.io-index"

[[package]]
name = "itoa"
version = "0.3.0"
source = "registry+https://github.com/rust-lang/crates.io-index"

[[package]]
name = "num-traits"
version = "0.1.36"
source = "registry+https://github.com/rust-lang/crates.io-index"

[[package]]
name = "serde"
version = "0.9.4"
source = "registry+https://github.com/rust-lang/crates.io-index"

[[package]]
name = "serde_json"
version = "0.9.3"
source = "registry+https://github.com/rust-lang/crates.io-index"
dependencies = [
 "dtoa 0.4.0 (registry+https://github.com/rust-lang/crates.io-index)",
 "itoa 0.3.0 (registry+https://github.com/rust-lang/crates.io-index)",
 "num-traits 0.1.36 (registry+https://github.com/rust-lang/crates.io-index)",
 "serde 0.9.4 (registry+https://github.com/rust-lang/crates.io-index)",
]

[metadata]
"checksum dtoa 0.4.0 (registry+https://github.com/rust-lang/crates.io-index)" = "5edd69c67b2f8e0911629b7e6b8a34cb3956613cd7c6e6414966dee349c2db4f"
"checksum itoa 0.3.0 (registry+https://github.com/rust-lang/crates.io-index)" = "91fd9dc2c587067de817fec4ad355e3818c3d893a78cab32a0a474c7a15bb8d5"
"checksum num-traits 0.1.36 (registry+https://github.com/rust-lang/crates.io-index)" = "a16a42856a256b39c6d3484f097f6713e14feacd9bfb02290917904fae46c81c"
"checksum serde 0.9.4 (registry+https://github.com/rust-lang/crates.io-index)" = "575a04eaba2f347ebb1d0077511fd52e5b25d74a34a9049a599057ccbd1ea4a5"
"checksum serde_json 0.9.3 (registry+https://github.com/rust-lang/crates.io-index)" = "4396fc1ee08e119bc14e1717491f48f1273d6d9ba26d1bc1bf79ee3dc8a4794f"
