[root]
name = "tasks-framework"
version = "0.1.0"
dependencies = [
 "lock-free-stack 0.1.1 (registry+https://github.com/rust-lang/crates.io-index)",
 "threadpool 1.3.2 (registry+https://github.com/rust-lang/crates.io-index)",
]

[[package]]
name = "lock-free-stack"
version = "0.1.1"
source = "registry+https://github.com/rust-lang/crates.io-index"

[[package]]
name = "threadpool"
version = "1.3.2"
source = "registry+https://github.com/rust-lang/crates.io-index"

[metadata]
"checksum lock-free-stack 0.1.1 (registry+https://github.com/rust-lang/crates.io-index)" = "991c8a84c7dab7c132d96a2c62b1ed216d18e7fc9a532aa83ca73cdad0fe081d"
"checksum threadpool 1.3.2 (registry+https://github.com/rust-lang/crates.io-index)" = "59f6d3eff89920113dac9db44dde461d71d01e88a5b57b258a0466c32b5d7fe1"
