[root]
name = "add6"
version = "0.1.0"
dependencies = [
 "add3 1.0.0 (registry+https://github.com/rust-lang/crates.io-index)",
]

[[package]]
name = "add3"
version = "1.0.0"
source = "registry+https://github.com/rust-lang/crates.io-index"

[metadata]
"checksum add3 1.0.0 (registry+https://github.com/rust-lang/crates.io-index)" = "fc9e92879dddefc75264292d983bc141201325029a038d60d90f46260addaaaa"
