[root]
name = "cargo-fmt"
version = "0.1.0"
dependencies = [
 "walker 1.0.0 (registry+https://github.com/rust-lang/crates.io-index)",
]

[[package]]
name = "walker"
version = "1.0.0"
source = "registry+https://github.com/rust-lang/crates.io-index"

[metadata]
"checksum walker 1.0.0 (registry+https://github.com/rust-lang/crates.io-index)" = "c0488b82b198ac3588ba688f5e56cbd53e0b6dad64f075e67c15647e54aac610"
