[root]
name = "ecc"
version = "0.0.5"
dependencies = [
 "num 0.0.5 (registry+https://github.com/rust-lang/crates.io-index)",
]

[[package]]
name = "num"
version = "0.0.5"
source = "registry+https://github.com/rust-lang/crates.io-index"

[metadata]
"checksum num 0.0.5 (registry+https://github.com/rust-lang/crates.io-index)" = "728cad1cc8360218b8379db2cd5d300918287bdeed07083fa676c0329d2da0d3"
