[root]
name = "fftw-sys"
version = "0.1.0"
dependencies = [
 "fftw-src 0.1.0 (registry+https://github.com/rust-lang/crates.io-index)",
]

[[package]]
name = "fftw-src"
version = "0.1.0"
source = "registry+https://github.com/rust-lang/crates.io-index"

[metadata]
"checksum fftw-src 0.1.0 (registry+https://github.com/rust-lang/crates.io-index)" = "a52b0a8f09fddc77848d5a767678581c12b210b0b57626969cd501d239ffa573"
