[root]
name = "libdw"
version = "0.0.1"
dependencies = [
 "libdw-sys 0.0.1 (registry+https://github.com/rust-lang/crates.io-index)",
]

[[package]]
name = "libdw-sys"
version = "0.0.1"
source = "registry+https://github.com/rust-lang/crates.io-index"

[metadata]
"checksum libdw-sys 0.0.1 (registry+https://github.com/rust-lang/crates.io-index)" = "2d398416ecdc8fada4b20ae2a8f40daaf7a0a4221af40c41ad90cff4dfa9cf47"
