[root]
name = "libxml"
version = "0.0.746"
dependencies = [
 "gcc 0.3.43 (registry+https://github.com/rust-lang/crates.io-index)",
 "libc 0.1.12 (registry+https://github.com/rust-lang/crates.io-index)",
]

[[package]]
name = "gcc"
version = "0.3.43"
source = "registry+https://github.com/rust-lang/crates.io-index"

[[package]]
name = "libc"
version = "0.1.12"
source = "registry+https://github.com/rust-lang/crates.io-index"

[metadata]
"checksum gcc 0.3.43 (registry+https://github.com/rust-lang/crates.io-index)" = "c07c758b972368e703a562686adb39125707cc1ef3399da8c019fc6c2498a75d"
"checksum libc 0.1.12 (registry+https://github.com/rust-lang/crates.io-index)" = "e32a70cf75e5846d53a673923498228bbec6a8624708a9ea5645f075d6276122"
