[root]
name = "log_kv"
version = "0.1.0"
dependencies = [
 "bincode 0.6.1 (registry+https://github.com/rust-lang/crates.io-index)",
 "serde 0.8.23 (registry+https://github.com/rust-lang/crates.io-index)",
]

[[package]]
name = "bincode"
version = "0.6.1"
source = "registry+https://github.com/rust-lang/crates.io-index"
dependencies = [
 "byteorder 1.0.0 (registry+https://github.com/rust-lang/crates.io-index)",
 "num-traits 0.1.37 (registry+https://github.com/rust-lang/crates.io-index)",
 "rustc-serialize 0.3.22 (registry+https://github.com/rust-lang/crates.io-index)",
 "serde 0.8.23 (registry+https://github.com/rust-lang/crates.io-index)",
]

[[package]]
name = "byteorder"
version = "1.0.0"
source = "registry+https://github.com/rust-lang/crates.io-index"

[[package]]
name = "num-traits"
version = "0.1.37"
source = "registry+https://github.com/rust-lang/crates.io-index"

[[package]]
name = "rustc-serialize"
version = "0.3.22"
source = "registry+https://github.com/rust-lang/crates.io-index"

[[package]]
name = "serde"
version = "0.8.23"
source = "registry+https://github.com/rust-lang/crates.io-index"

[metadata]
"checksum bincode 0.6.1 (registry+https://github.com/rust-lang/crates.io-index)" = "55eb0b7fd108527b0c77860f75eca70214e11a8b4c6ef05148c54c05a25d48ad"
"checksum byteorder 1.0.0 (registry+https://github.com/rust-lang/crates.io-index)" = "c40977b0ee6b9885c9013cd41d9feffdd22deb3bb4dc3a71d901cc7a77de18c8"
"checksum num-traits 0.1.37 (registry+https://github.com/rust-lang/crates.io-index)" = "e1cbfa3781f3fe73dc05321bed52a06d2d491eaa764c52335cf4399f046ece99"
"checksum rustc-serialize 0.3.22 (registry+https://github.com/rust-lang/crates.io-index)" = "237546c689f20bb44980270c73c3b9edd0891c1be49cc1274406134a66d3957b"
"checksum serde 0.8.23 (registry+https://github.com/rust-lang/crates.io-index)" = "9dad3f759919b92c3068c696c15c3d17238234498bbdcc80f2c469606f948ac8"
