[root]
name = "magic-number-b"
version = "0.1.0"
dependencies = [
 "magic-number 0.2.0 (registry+https://github.com/rust-lang/crates.io-index)",
]

[[package]]
name = "magic-number"
version = "0.2.0"
source = "registry+https://github.com/rust-lang/crates.io-index"

[metadata]
"checksum magic-number 0.2.0 (registry+https://github.com/rust-lang/crates.io-index)" = "abb48711b20e2e90347d0ceb816d0ccb0e2f0908584ba799f13a958c02b533d0"
