[root]
name = "nanny"
version = "0.0.9"
dependencies = [
 "nanny-sys 0.0.6 (registry+https://github.com/rust-lang/crates.io-index)",
]

[[package]]
name = "gcc"
version = "0.3.43"
source = "registry+https://github.com/rust-lang/crates.io-index"

[[package]]
name = "nanny-sys"
version = "0.0.6"
source = "registry+https://github.com/rust-lang/crates.io-index"
dependencies = [
 "gcc 0.3.43 (registry+https://github.com/rust-lang/crates.io-index)",
]

[metadata]
"checksum gcc 0.3.43 (registry+https://github.com/rust-lang/crates.io-index)" = "c07c758b972368e703a562686adb39125707cc1ef3399da8c019fc6c2498a75d"
"checksum nanny-sys 0.0.6 (registry+https://github.com/rust-lang/crates.io-index)" = "e09c56c5612f7838a270b19e4be5b39219ece403862fdaf28fb3787bc0f1e0e8"
