[root]
name = "opengles"
version = "0.1.2"
dependencies = [
 "khronos 0.1.2 (registry+https://github.com/rust-lang/crates.io-index)",
 "libc 0.1.12 (registry+https://github.com/rust-lang/crates.io-index)",
]

[[package]]
name = "khronos"
version = "0.1.2"
source = "registry+https://github.com/rust-lang/crates.io-index"
dependencies = [
 "libc 0.1.12 (registry+https://github.com/rust-lang/crates.io-index)",
]

[[package]]
name = "libc"
version = "0.1.12"
source = "registry+https://github.com/rust-lang/crates.io-index"

[metadata]
"checksum khronos 0.1.2 (registry+https://github.com/rust-lang/crates.io-index)" = "c0711aaa80e6ba6eb1fa8978f1f46bfcb38ceb2f3f33f3736efbff39dac89f50"
"checksum libc 0.1.12 (registry+https://github.com/rust-lang/crates.io-index)" = "e32a70cf75e5846d53a673923498228bbec6a8624708a9ea5645f075d6276122"
