[root]
name = "pathfinding"
version = "0.1.10"
dependencies = [
 "lazy_static 0.2.4 (registry+https://github.com/rust-lang/crates.io-index)",
 "num-traits 0.1.37 (registry+https://github.com/rust-lang/crates.io-index)",
]

[[package]]
name = "lazy_static"
version = "0.2.4"
source = "registry+https://github.com/rust-lang/crates.io-index"

[[package]]
name = "num-traits"
version = "0.1.37"
source = "registry+https://github.com/rust-lang/crates.io-index"

[metadata]
"checksum lazy_static 0.2.4 (registry+https://github.com/rust-lang/crates.io-index)" = "7291b1dd97d331f752620b02dfdbc231df7fc01bf282a00769e1cdb963c460dc"
"checksum num-traits 0.1.37 (registry+https://github.com/rust-lang/crates.io-index)" = "e1cbfa3781f3fe73dc05321bed52a06d2d491eaa764c52335cf4399f046ece99"
