[root]
name = "pokereval"
version = "0.1.2"
dependencies = [
 "cards 1.1.2 (registry+https://github.com/rust-lang/crates.io-index)",
 "holdem 0.1.2 (registry+https://github.com/rust-lang/crates.io-index)",
]

[[package]]
name = "cards"
version = "1.1.2"
source = "registry+https://github.com/rust-lang/crates.io-index"
dependencies = [
 "rand 0.3.15 (registry+https://github.com/rust-lang/crates.io-index)",
]

[[package]]
name = "holdem"
version = "0.1.2"
source = "registry+https://github.com/rust-lang/crates.io-index"
dependencies = [
 "cards 1.1.2 (registry+https://github.com/rust-lang/crates.io-index)",
]

[[package]]
name = "libc"
version = "0.2.21"
source = "registry+https://github.com/rust-lang/crates.io-index"

[[package]]
name = "rand"
version = "0.3.15"
source = "registry+https://github.com/rust-lang/crates.io-index"
dependencies = [
 "libc 0.2.21 (registry+https://github.com/rust-lang/crates.io-index)",
]

[metadata]
"checksum cards 1.1.2 (registry+https://github.com/rust-lang/crates.io-index)" = "cd9af0e483465dc9a7e4d4affbb4c8e5261b5dc621327537e29c0c0a754909e4"
"checksum holdem 0.1.2 (registry+https://github.com/rust-lang/crates.io-index)" = "1863842ad60a171a914105b9fc4b8b7a21e24014d96c76828ff0150870e8cce8"
"checksum libc 0.2.21 (registry+https://github.com/rust-lang/crates.io-index)" = "88ee81885f9f04bff991e306fea7c1c60a5f0f9e409e99f6b40e3311a3363135"
"checksum rand 0.3.15 (registry+https://github.com/rust-lang/crates.io-index)" = "022e0636ec2519ddae48154b028864bdce4eaf7d35226ab8e65c611be97b189d"
