[root]
name = "pokemon-go-protobuf"
version = "0.1.4"
dependencies = [
 "protobuf 1.2.2 (registry+https://github.com/rust-lang/crates.io-index)",
]

[[package]]
name = "protobuf"
version = "1.2.2"
source = "registry+https://github.com/rust-lang/crates.io-index"

[metadata]
"checksum protobuf 1.2.2 (registry+https://github.com/rust-lang/crates.io-index)" = "c3e2ed6fe8ff3b20b44bb4b4f54de12ac89dc38cb451dce8ae5e9dcd1507f738"
