[root]
name = "releasetag"
version = "0.6.0"
dependencies = [
 "bytestool 0.2.0 (registry+https://github.com/rust-lang/crates.io-index)",
]

[[package]]
name = "bytestool"
version = "0.2.0"
source = "registry+https://github.com/rust-lang/crates.io-index"

[metadata]
"checksum bytestool 0.2.0 (registry+https://github.com/rust-lang/crates.io-index)" = "108be77c1221150c413c279836e3b9801e98715069f5293ff2ba473fb557d664"
