[root]
name = "rift"
version = "0.5.1"
dependencies = [
 "byteorder 0.5.3 (registry+https://github.com/rust-lang/crates.io-index)",
 "integer-encoding 1.0.3 (registry+https://github.com/rust-lang/crates.io-index)",
 "log 0.3.7 (registry+https://github.com/rust-lang/crates.io-index)",
 "try_from 0.2.1 (registry+https://github.com/rust-lang/crates.io-index)",
]

[[package]]
name = "byteorder"
version = "0.5.3"
source = "registry+https://github.com/rust-lang/crates.io-index"

[[package]]
name = "integer-encoding"
version = "1.0.3"
source = "registry+https://github.com/rust-lang/crates.io-index"

[[package]]
name = "log"
version = "0.3.7"
source = "registry+https://github.com/rust-lang/crates.io-index"

[[package]]
name = "try_from"
version = "0.2.1"
source = "registry+https://github.com/rust-lang/crates.io-index"

[metadata]
"checksum byteorder 0.5.3 (registry+https://github.com/rust-lang/crates.io-index)" = "0fc10e8cc6b2580fda3f36eb6dc5316657f812a3df879a44a66fc9f0fdbc4855"
"checksum integer-encoding 1.0.3 (registry+https://github.com/rust-lang/crates.io-index)" = "a053c9c7dcb7db1f2aa012c37dc176c62e4cdf14898dee0eecc606de835b8acb"
"checksum log 0.3.7 (registry+https://github.com/rust-lang/crates.io-index)" = "5141eca02775a762cc6cd564d8d2c50f67c0ea3a372cbf1c51592b3e029e10ad"
"checksum try_from 0.2.1 (registry+https://github.com/rust-lang/crates.io-index)" = "48eb1fb21b59755547de28b0d7c0d67ab0b3f504efae762e2478663665965f53"
