[root]
name = "slug"
version = "0.1.2"
dependencies = [
 "unidecode 0.2.0 (registry+https://github.com/rust-lang/crates.io-index)",
]

[[package]]
name = "unidecode"
version = "0.2.0"
source = "registry+https://github.com/rust-lang/crates.io-index"

[metadata]
"checksum unidecode 0.2.0 (registry+https://github.com/rust-lang/crates.io-index)" = "d2adb95ee07cd579ed18131f2d9e7a17c25a4b76022935c7f2460d2bfae89fd2"
