[root]
name = "sonar"
version = "0.1.0"
dependencies = [
 "sonar-window 0.1.0 (registry+https://github.com/rust-lang/crates.io-index)",
]

[[package]]
name = "sonar-window"
version = "0.1.0"
source = "registry+https://github.com/rust-lang/crates.io-index"

[metadata]
"checksum sonar-window 0.1.0 (registry+https://github.com/rust-lang/crates.io-index)" = "8b156d7ffb30771e948adc5b883c5969db781e780d233b738090def52fbb0117"
