[root]
name = "varint"
version = "0.2.0"
dependencies = [
 "bit_utils 0.1.1 (registry+https://github.com/rust-lang/crates.io-index)",
]

[[package]]
name = "bit_utils"
version = "0.1.1"
source = "registry+https://github.com/rust-lang/crates.io-index"

[metadata]
"checksum bit_utils 0.1.1 (registry+https://github.com/rust-lang/crates.io-index)" = "f8114dca45a04a4bdaf03de9976a3131cf954827757f971d84cd431a9f2cc26d"
